
Microsoft Visual Studio Solution File, Format Version 12.00
# Visual Studio Version 17
VisualStudioVersion = 17.14.36109.1
MinimumVisualStudioVersion = 10.0.40219.1
Project("{FAE04EC0-301F-11D3-BF4B-00C04F79EFBC}") = "Two_Sum", "Two_Sum\Two_Sum.csproj", "{D618F759-7770-4AA1-A2E9-39EA05B48073}"
EndProject
Project("{FAE04EC0-301F-11D3-BF4B-00C04F79EFBC}") = "Palindrome", "Palindrome\Palindrome.csproj", "{A81640A1-6EC3-4AA2-B3B8-EE03EDCE105F}"
EndProject
Project("{FAE04EC0-301F-11D3-BF4B-00C04F79EFBC}") = "RomanToInteger", "RomanToInteger\RomanToInteger.csproj", "{093B1465-0C9D-4F6C-833E-158AC76BCDEB}"
EndProject
Project("{FAE04EC0-301F-11D3-BF4B-00C04F79EFBC}") = "MergeTwoSortedLists", "MergeTwoSortedLists\MergeTwoSortedLists.csproj", "{65EDF8D9-4912-48F1-AD6E-9CED1D99EB09}"
EndProject
Project("{FAE04EC0-301F-11D3-BF4B-00C04F79EFBC}") = "DifferenceOfTwoSums", "DifferenceOfTwoSums\DifferenceOfTwoSums.csproj", "{717D1F51-B4F3-45FD-84CD-B768BABA7273}"
EndProject
Project("{FAE04EC0-301F-11D3-BF4B-00C04F79EFBC}") = "RemoveDuplicates", "RemoveDuplicates\RemoveDuplicates.csproj", "{4AA05970-0ABB-4CB3-9234-76132F540A11}"
EndProject
Project("{FAE04EC0-301F-11D3-BF4B-00C04F79EFBC}") = "LongestCommonPrefix", "LongestCommonPrefix\LongestCommonPrefix.csproj", "{25D4ED66-496E-4C76-8849-07C53E85F120}"
EndProject
Project("{FAE04EC0-301F-11D3-BF4B-00C04F79EFBC}") = "ValidParentheses", "ValidParentheses\ValidParentheses.csproj", "{51E80C32-441D-4150-84ED-50622F9C4EE3}"
EndProject
Project("{FAE04EC0-301F-11D3-BF4B-00C04F79EFBC}") = "RemoveElement", "RemoveElement\RemoveElement.csproj", "{59394162-3F3F-491D-89F9-062FDC205F11}"
EndProject
Project("{FAE04EC0-301F-11D3-BF4B-00C04F79EFBC}") = "FirstStringOccurence", "FirstStringOccurence\FirstStringOccurence.csproj", "{66B2FB2F-0C5F-4853-99B9-4DD1681985F2}"
EndProject
Project("{FAE04EC0-301F-11D3-BF4B-00C04F79EFBC}") = "SearchTarget", "SearchTarget\SearchTarget.csproj", "{1BAE2D44-0FF4-45DF-AA81-B0C204E95F69}"
EndProject
Project("{FAE04EC0-301F-11D3-BF4B-00C04F79EFBC}") = "LengthOfLastWord", "LengthOfLastWord\LengthOfLastWord.csproj", "{2B58E5B9-CB89-4E93-BBCC-9689BAC42080}"
EndProject
Project("{FAE04EC0-301F-11D3-BF4B-00C04F79EFBC}") = "PlusOne", "PlusOne\PlusOne.csproj", "{9F85117B-9499-419F-8E4A-24377EB8F39C}"
EndProject
Project("{FAE04EC0-301F-11D3-BF4B-00C04F79EFBC}") = "AddBinary", "AddBinary\AddBinary.csproj", "{9D40ECAC-FFBE-4B14-9578-E0369DF63160}"
EndProject
Project("{FAE04EC0-301F-11D3-BF4B-00C04F79EFBC}") = "FiboClimbsStairs", "FiboClimbsStairs\FiboClimbsStairs.csproj", "{FEE1877F-1F19-4F4A-993B-B3D6E8EFF269}"
EndProject
Project("{FAE04EC0-301F-11D3-BF4B-00C04F79EFBC}") = "DeleteDuplicates", "DeleteDuplicates\DeleteDuplicates.csproj", "{AC75A828-9A1B-4BDA-9F58-54AA42C93BB4}"
EndProject
Project("{FAE04EC0-301F-11D3-BF4B-00C04F79EFBC}") = "MergeSortedArray", "MergeSortedArray\MergeSortedArray.csproj", "{60847F2D-E8F5-4E14-92EA-78FB4D7F4520}"
EndProject
Project("{FAE04EC0-301F-11D3-BF4B-00C04F79EFBC}") = "SearchVowelsRecursively", "SearchVowelsRecursively\SearchVowelsRecursively.csproj", "{E1BBBBB4-B387-45A6-BDDC-F9DAA20E0EB5}"
EndProject
Global
	GlobalSection(SolutionConfigurationPlatforms) = preSolution
		Debug|Any CPU = Debug|Any CPU
		Release|Any CPU = Release|Any CPU
	EndGlobalSection
	GlobalSection(ProjectConfigurationPlatforms) = postSolution
		{D618F759-7770-4AA1-A2E9-39EA05B48073}.Debug|Any CPU.ActiveCfg = Debug|Any CPU
		{D618F759-7770-4AA1-A2E9-39EA05B48073}.Debug|Any CPU.Build.0 = Debug|Any CPU
		{D618F759-7770-4AA1-A2E9-39EA05B48073}.Release|Any CPU.ActiveCfg = Release|Any CPU
		{D618F759-7770-4AA1-A2E9-39EA05B48073}.Release|Any CPU.Build.0 = Release|Any CPU
		{A81640A1-6EC3-4AA2-B3B8-EE03EDCE105F}.Debug|Any CPU.ActiveCfg = Debug|Any CPU
		{A81640A1-6EC3-4AA2-B3B8-EE03EDCE105F}.Debug|Any CPU.Build.0 = Debug|Any CPU
		{A81640A1-6EC3-4AA2-B3B8-EE03EDCE105F}.Release|Any CPU.ActiveCfg = Release|Any CPU
		{A81640A1-6EC3-4AA2-B3B8-EE03EDCE105F}.Release|Any CPU.Build.0 = Release|Any CPU
		{093B1465-0C9D-4F6C-833E-158AC76BCDEB}.Debug|Any CPU.ActiveCfg = Debug|Any CPU
		{093B1465-0C9D-4F6C-833E-158AC76BCDEB}.Debug|Any CPU.Build.0 = Debug|Any CPU
		{093B1465-0C9D-4F6C-833E-158AC76BCDEB}.Release|Any CPU.ActiveCfg = Release|Any CPU
		{093B1465-0C9D-4F6C-833E-158AC76BCDEB}.Release|Any CPU.Build.0 = Release|Any CPU
		{65EDF8D9-4912-48F1-AD6E-9CED1D99EB09}.Debug|Any CPU.ActiveCfg = Debug|Any CPU
		{65EDF8D9-4912-48F1-AD6E-9CED1D99EB09}.Debug|Any CPU.Build.0 = Debug|Any CPU
		{65EDF8D9-4912-48F1-AD6E-9CED1D99EB09}.Release|Any CPU.ActiveCfg = Release|Any CPU
		{65EDF8D9-4912-48F1-AD6E-9CED1D99EB09}.Release|Any CPU.Build.0 = Release|Any CPU
		{717D1F51-B4F3-45FD-84CD-B768BABA7273}.Debug|Any CPU.ActiveCfg = Debug|Any CPU
		{717D1F51-B4F3-45FD-84CD-B768BABA7273}.Debug|Any CPU.Build.0 = Debug|Any CPU
		{717D1F51-B4F3-45FD-84CD-B768BABA7273}.Release|Any CPU.ActiveCfg = Release|Any CPU
		{717D1F51-B4F3-45FD-84CD-B768BABA7273}.Release|Any CPU.Build.0 = Release|Any CPU
		{4AA05970-0ABB-4CB3-9234-76132F540A11}.Debug|Any CPU.ActiveCfg = Debug|Any CPU
		{4AA05970-0ABB-4CB3-9234-76132F540A11}.Debug|Any CPU.Build.0 = Debug|Any CPU
		{4AA05970-0ABB-4CB3-9234-76132F540A11}.Release|Any CPU.ActiveCfg = Release|Any CPU
		{4AA05970-0ABB-4CB3-9234-76132F540A11}.Release|Any CPU.Build.0 = Release|Any CPU
		{25D4ED66-496E-4C76-8849-07C53E85F120}.Debug|Any CPU.ActiveCfg = Debug|Any CPU
		{25D4ED66-496E-4C76-8849-07C53E85F120}.Debug|Any CPU.Build.0 = Debug|Any CPU
		{25D4ED66-496E-4C76-8849-07C53E85F120}.Release|Any CPU.ActiveCfg = Release|Any CPU
		{25D4ED66-496E-4C76-8849-07C53E85F120}.Release|Any CPU.Build.0 = Release|Any CPU
		{51E80C32-441D-4150-84ED-50622F9C4EE3}.Debug|Any CPU.ActiveCfg = Debug|Any CPU
		{51E80C32-441D-4150-84ED-50622F9C4EE3}.Debug|Any CPU.Build.0 = Debug|Any CPU
		{51E80C32-441D-4150-84ED-50622F9C4EE3}.Release|Any CPU.ActiveCfg = Release|Any CPU
		{51E80C32-441D-4150-84ED-50622F9C4EE3}.Release|Any CPU.Build.0 = Release|Any CPU
		{59394162-3F3F-491D-89F9-062FDC205F11}.Debug|Any CPU.ActiveCfg = Debug|Any CPU
		{59394162-3F3F-491D-89F9-062FDC205F11}.Debug|Any CPU.Build.0 = Debug|Any CPU
		{59394162-3F3F-491D-89F9-062FDC205F11}.Release|Any CPU.ActiveCfg = Release|Any CPU
		{59394162-3F3F-491D-89F9-062FDC205F11}.Release|Any CPU.Build.0 = Release|Any CPU
		{66B2FB2F-0C5F-4853-99B9-4DD1681985F2}.Debug|Any CPU.ActiveCfg = Debug|Any CPU
		{66B2FB2F-0C5F-4853-99B9-4DD1681985F2}.Debug|Any CPU.Build.0 = Debug|Any CPU
		{66B2FB2F-0C5F-4853-99B9-4DD1681985F2}.Release|Any CPU.ActiveCfg = Release|Any CPU
		{66B2FB2F-0C5F-4853-99B9-4DD1681985F2}.Release|Any CPU.Build.0 = Release|Any CPU
		{1BAE2D44-0FF4-45DF-AA81-B0C204E95F69}.Debug|Any CPU.ActiveCfg = Debug|Any CPU
		{1BAE2D44-0FF4-45DF-AA81-B0C204E95F69}.Debug|Any CPU.Build.0 = Debug|Any CPU
		{1BAE2D44-0FF4-45DF-AA81-B0C204E95F69}.Release|Any CPU.ActiveCfg = Release|Any CPU
		{1BAE2D44-0FF4-45DF-AA81-B0C204E95F69}.Release|Any CPU.Build.0 = Release|Any CPU
		{2B58E5B9-CB89-4E93-BBCC-9689BAC42080}.Debug|Any CPU.ActiveCfg = Debug|Any CPU
		{2B58E5B9-CB89-4E93-BBCC-9689BAC42080}.Debug|Any CPU.Build.0 = Debug|Any CPU
		{2B58E5B9-CB89-4E93-BBCC-9689BAC42080}.Release|Any CPU.ActiveCfg = Release|Any CPU
		{2B58E5B9-CB89-4E93-BBCC-9689BAC42080}.Release|Any CPU.Build.0 = Release|Any CPU
		{9F85117B-9499-419F-8E4A-24377EB8F39C}.Debug|Any CPU.ActiveCfg = Debug|Any CPU
		{9F85117B-9499-419F-8E4A-24377EB8F39C}.Debug|Any CPU.Build.0 = Debug|Any CPU
		{9F85117B-9499-419F-8E4A-24377EB8F39C}.Release|Any CPU.ActiveCfg = Release|Any CPU
		{9F85117B-9499-419F-8E4A-24377EB8F39C}.Release|Any CPU.Build.0 = Release|Any CPU
		{9D40ECAC-FFBE-4B14-9578-E0369DF63160}.Debug|Any CPU.ActiveCfg = Debug|Any CPU
		{9D40ECAC-FFBE-4B14-9578-E0369DF63160}.Debug|Any CPU.Build.0 = Debug|Any CPU
		{9D40ECAC-FFBE-4B14-9578-E0369DF63160}.Release|Any CPU.ActiveCfg = Release|Any CPU
		{9D40ECAC-FFBE-4B14-9578-E0369DF63160}.Release|Any CPU.Build.0 = Release|Any CPU
		{FEE1877F-1F19-4F4A-993B-B3D6E8EFF269}.Debug|Any CPU.ActiveCfg = Debug|Any CPU
		{FEE1877F-1F19-4F4A-993B-B3D6E8EFF269}.Debug|Any CPU.Build.0 = Debug|Any CPU
		{FEE1877F-1F19-4F4A-993B-B3D6E8EFF269}.Release|Any CPU.ActiveCfg = Release|Any CPU
		{FEE1877F-1F19-4F4A-993B-B3D6E8EFF269}.Release|Any CPU.Build.0 = Release|Any CPU
		{AC75A828-9A1B-4BDA-9F58-54AA42C93BB4}.Debug|Any CPU.ActiveCfg = Debug|Any CPU
		{AC75A828-9A1B-4BDA-9F58-54AA42C93BB4}.Debug|Any CPU.Build.0 = Debug|Any CPU
		{AC75A828-9A1B-4BDA-9F58-54AA42C93BB4}.Release|Any CPU.ActiveCfg = Release|Any CPU
		{AC75A828-9A1B-4BDA-9F58-54AA42C93BB4}.Release|Any CPU.Build.0 = Release|Any CPU
		{60847F2D-E8F5-4E14-92EA-78FB4D7F4520}.Debug|Any CPU.ActiveCfg = Debug|Any CPU
		{60847F2D-E8F5-4E14-92EA-78FB4D7F4520}.Debug|Any CPU.Build.0 = Debug|Any CPU
		{60847F2D-E8F5-4E14-92EA-78FB4D7F4520}.Release|Any CPU.ActiveCfg = Release|Any CPU
		{60847F2D-E8F5-4E14-92EA-78FB4D7F4520}.Release|Any CPU.Build.0 = Release|Any CPU
		{E1BBBBB4-B387-45A6-BDDC-F9DAA20E0EB5}.Debug|Any CPU.ActiveCfg = Debug|Any CPU
		{E1BBBBB4-B387-45A6-BDDC-F9DAA20E0EB5}.Debug|Any CPU.Build.0 = Debug|Any CPU
		{E1BBBBB4-B387-45A6-BDDC-F9DAA20E0EB5}.Release|Any CPU.ActiveCfg = Release|Any CPU
		{E1BBBBB4-B387-45A6-BDDC-F9DAA20E0EB5}.Release|Any CPU.Build.0 = Release|Any CPU
	EndGlobalSection
	GlobalSection(SolutionProperties) = preSolution
		HideSolutionNode = FALSE
	EndGlobalSection
	GlobalSection(ExtensibilityGlobals) = postSolution
		SolutionGuid = {370B6E9D-0A8C-4C0C-BF69-8A834454E048}
	EndGlobalSection
EndGlobal
