
Microsoft Visual Studio Solution File, Format Version 12.00
# Visual Studio Version 17
VisualStudioVersion = 17.14.36109.1
MinimumVisualStudioVersion = 10.0.40219.1
Project("{FAE04EC0-301F-11D3-BF4B-00C04F79EFBC}") = "Two_Sum", "Two_Sum\Two_Sum.csproj", "{D618F759-7770-4AA1-A2E9-39EA05B48073}"
EndProject
Project("{FAE04EC0-301F-11D3-BF4B-00C04F79EFBC}") = "Palindrome", "Palindrome\Palindrome.csproj", "{A81640A1-6EC3-4AA2-B3B8-EE03EDCE105F}"
EndProject
Project("{FAE04EC0-301F-11D3-BF4B-00C04F79EFBC}") = "RomanToInteger", "RomanToInteger\RomanToInteger.csproj", "{093B1465-0C9D-4F6C-833E-158AC76BCDEB}"
EndProject
Project("{FAE04EC0-301F-11D3-BF4B-00C04F79EFBC}") = "MergeTwoSortedLists", "MergeTwoSortedLists\MergeTwoSortedLists.csproj", "{65EDF8D9-4912-48F1-AD6E-9CED1D99EB09}"
EndProject
Project("{FAE04EC0-301F-11D3-BF4B-00C04F79EFBC}") = "DifferenceOfTwoSums", "DifferenceOfTwoSums\DifferenceOfTwoSums.csproj", "{717D1F51-B4F3-45FD-84CD-B768BABA7273}"
EndProject
Project("{FAE04EC0-301F-11D3-BF4B-00C04F79EFBC}") = "RemoveDuplicates", "RemoveDuplicates\RemoveDuplicates.csproj", "{4AA05970-0ABB-4CB3-9234-76132F540A11}"
EndProject
Project("{FAE04EC0-301F-11D3-BF4B-00C04F79EFBC}") = "LongestCommonPrefix", "LongestCommonPrefix\LongestCommonPrefix.csproj", "{25D4ED66-496E-4C76-8849-07C53E85F120}"
EndProject
Project("{FAE04EC0-301F-11D3-BF4B-00C04F79EFBC}") = "ValidParentheses", "ValidParentheses\ValidParentheses.csproj", "{51E80C32-441D-4150-84ED-50622F9C4EE3}"
EndProject
Project("{FAE04EC0-301F-11D3-BF4B-00C04F79EFBC}") = "RemoveElement", "RemoveElement\RemoveElement.csproj", "{59394162-3F3F-491D-89F9-062FDC205F11}"
EndProject
Project("{FAE04EC0-301F-11D3-BF4B-00C04F79EFBC}") = "FirstStringOccurence", "FirstStringOccurence\FirstStringOccurence.csproj", "{66B2FB2F-0C5F-4853-99B9-4DD1681985F2}"
EndProject
Project("{FAE04EC0-301F-11D3-BF4B-00C04F79EFBC}") = "SearchTarget", "SearchTarget\SearchTarget.csproj", "{1BAE2D44-0FF4-45DF-AA81-B0C204E95F69}"
EndProject
Project("{FAE04EC0-301F-11D3-BF4B-00C04F79EFBC}") = "LengthOfLastWord", "LengthOfLastWord\LengthOfLastWord.csproj", "{2B58E5B9-CB89-4E93-BBCC-9689BAC42080}"
EndProject
Project("{FAE04EC0-301F-11D3-BF4B-00C04F79EFBC}") = "PlusOne", "PlusOne\PlusOne.csproj", "{9F85117B-9499-419F-8E4A-24377EB8F39C}"
EndProject
Project("{FAE04EC0-301F-11D3-BF4B-00C04F79EFBC}") = "AddBinary", "AddBinary\AddBinary.csproj", "{9D40ECAC-FFBE-4B14-9578-E0369DF63160}"
EndProject
Project("{FAE04EC0-301F-11D3-BF4B-00C04F79EFBC}") = "FiboClimbsStairs", "FiboClimbsStairs\FiboClimbsStairs.csproj", "{FEE1877F-1F19-4F4A-993B-B3D6E8EFF269}"
EndProject
Project("{FAE04EC0-301F-11D3-BF4B-00C04F79EFBC}") = "DeleteDuplicates", "DeleteDuplicates\DeleteDuplicates.csproj", "{AC75A828-9A1B-4BDA-9F58-54AA42C93BB4}"
EndProject
Project("{FAE04EC0-301F-11D3-BF4B-00C04F79EFBC}") = "MergeSortedArray", "MergeSortedArray\MergeSortedArray.csproj", "{60847F2D-E8F5-4E14-92EA-78FB4D7F4520}"
EndProject
Project("{FAE04EC0-301F-11D3-BF4B-00C04F79EFBC}") = "SearchVowelsRecursively", "SearchVowelsRecursively\SearchVowelsRecursively.csproj", "{E1BBBBB4-B387-45A6-BDDC-F9DAA20E0EB5}"
EndProject
Project("{FAE04EC0-301F-11D3-BF4B-00C04F79EFBC}") = "InorderTraversal", "InorderTraversal\InorderTraversal.csproj", "{EB99C4E6-358E-4A05-8E26-B84DC7D3775D}"
EndProject
Project("{FAE04EC0-301F-11D3-BF4B-00C04F79EFBC}") = "SameTree", "SameTree\SameTree.csproj", "{E7E96178-47B7-4F68-821B-6F127B9EBFCF}"
EndProject
Project("{FAE04EC0-301F-11D3-BF4B-00C04F79EFBC}") = "SymmetricTree", "SymmetricTree\SymmetricTree.csproj", "{9DE36627-6478-497D-856E-466E6FC1F1C3}"
EndProject
Project("{FAE04EC0-301F-11D3-BF4B-00C04F79EFBC}") = "MaximumDepthOfBinaryTree", "MaximumDepthOfBinaryTree\MaximumDepthOfBinaryTree.csproj", "{2700394E-06A0-4591-B419-2C619E981411}"
EndProject
Project("{FAE04EC0-301F-11D3-BF4B-00C04F79EFBC}") = "ConvertSortedArrayIntoBST", "ConvertSortedArrayIntoBST\ConvertSortedArrayIntoBST.csproj", "{146973B2-A4E1-497B-AD8D-07F62D825BF3}"
EndProject
Project("{FAE04EC0-301F-11D3-BF4B-00C04F79EFBC}") = "MinimumDepthOfBinaryTree", "MinimumDepthOfBinaryTree\MinimumDepthOfBinaryTree.csproj", "{1F55F12F-D577-4862-94BB-83A34D4F79B5}"
EndProject
Project("{FAE04EC0-301F-11D3-BF4B-00C04F79EFBC}") = "PathSum", "PathSum\PathSum.csproj", "{6800CB7F-1FEF-4BE5-9B8C-F87A0931CA6F}"
EndProject
Project("{FAE04EC0-301F-11D3-BF4B-00C04F79EFBC}") = "PascalTriangle", "PascalTriangle\PascalTriangle.csproj", "{BFC01B01-8F11-4A73-BD7A-D9A8E58500D3}"
EndProject
Project("{FAE04EC0-301F-11D3-BF4B-00C04F79EFBC}") = "BestTimeToBuyAndSellStock", "BestTimeToBuyAndSellStock\BestTimeToBuyAndSellStock.csproj", "{C358BB31-3D42-48EC-B9E6-409F94E73342}"
EndProject
Project("{FAE04EC0-301F-11D3-BF4B-00C04F79EFBC}") = "ValidPalindrome", "ValidPalindrome\ValidPalindrome.csproj", "{8B20E419-C97C-411C-A043-4E9DD27FBF44}"
EndProject
Project("{FAE04EC0-301F-11D3-BF4B-00C04F79EFBC}") = "SingleNumber", "SingleNumber\SingleNumber.csproj", "{862D458A-8E89-453A-9320-63B9FCE7D907}"
EndProject
Project("{FAE04EC0-301F-11D3-BF4B-00C04F79EFBC}") = "LinkedListCycle", "LinkedListCycle\LinkedListCycle.csproj", "{1144DD42-B5E5-4585-B48C-EF5A1D29CE42}"
EndProject
Project("{FAE04EC0-301F-11D3-BF4B-00C04F79EFBC}") = "PreorderTraversal", "PreorderTraversal\PreorderTraversal.csproj", "{8393D037-B89F-4668-908D-77F41EA778A1}"
EndProject
Project("{FAE04EC0-301F-11D3-BF4B-00C04F79EFBC}") = "PostorderTraversal", "PostorderTraversal\PostorderTraversal.csproj", "{4DD3A508-ED85-4584-B590-ED8D6467F5D2}"
EndProject
Project("{FAE04EC0-301F-11D3-BF4B-00C04F79EFBC}") = "IntersectionOfTwoLinkedLists", "IntersectionOfTwoLinkedLists\IntersectionOfTwoLinkedLists.csproj", "{8E092207-22B9-4748-BECB-8EED1E137DCC}"
EndProject
Project("{FAE04EC0-301F-11D3-BF4B-00C04F79EFBC}") = "ExcelSheetColumnTitle", "ExcelSheetColumnTitle\ExcelSheetColumnTitle.csproj", "{1F222BB8-C7E9-4D9A-8A3E-B24FB2852580}"
EndProject
Project("{FAE04EC0-301F-11D3-BF4B-00C04F79EFBC}") = "MajorityElement", "MajorityElement\MajorityElement.csproj", "{BB42BDEC-BD83-4736-B923-7E45C060F710}"
EndProject
Project("{FAE04EC0-301F-11D3-BF4B-00C04F79EFBC}") = "ExcelSheetColumnNumber", "ExcelSheetColumnNumber\ExcelSheetColumnNumber.csproj", "{510C4F4E-0E05-4D78-8496-899B030C5C02}"
EndProject
Project("{FAE04EC0-301F-11D3-BF4B-00C04F79EFBC}") = "ReverseBits", "ReverseBits\ReverseBits.csproj", "{AC45D49F-C180-4579-96F8-D8767B6414A4}"
EndProject
Project("{FAE04EC0-301F-11D3-BF4B-00C04F79EFBC}") = "NumberOf1Bits", "NumberOf1Bits\NumberOf1Bits.csproj", "{316A1473-9BBE-4D9F-B534-1ADA976620EE}"
EndProject
Project("{FAE04EC0-301F-11D3-BF4B-00C04F79EFBC}") = "HappyNumber", "HappyNumber\HappyNumber.csproj", "{FD2FE069-CB15-4DF7-B5F7-330A527ADE61}"
EndProject
Project("{FAE04EC0-301F-11D3-BF4B-00C04F79EFBC}") = "DataStructures", "DataStructures\DataStructures.csproj", "{ED157CFB-E795-4B48-AD52-DA65F4D15C9D}"
EndProject
Project("{FAE04EC0-301F-11D3-BF4B-00C04F79EFBC}") = "RemoveLinkedListElements", "RemoveLinkedListElements\RemoveLinkedListElements.csproj", "{AA9723B8-63C1-4917-A1B8-A4FCB694AAC3}"
EndProject
Project("{FAE04EC0-301F-11D3-BF4B-00C04F79EFBC}") = "IsomorphicStrings", "IsomorphicStrings\IsomorphicStrings.csproj", "{7584D9F0-8677-4D13-9FF2-541F59DDE8EA}"
EndProject
Project("{FAE04EC0-301F-11D3-BF4B-00C04F79EFBC}") = "ReverseLinkedList", "ReverseLinkedList\ReverseLinkedList.csproj", "{50ABB66D-F150-4694-9FB0-05B681BDA234}"
EndProject
Project("{FAE04EC0-301F-11D3-BF4B-00C04F79EFBC}") = "ContainsDuplicate", "ContainsDuplicate\ContainsDuplicate.csproj", "{5216A8ED-19CB-4976-83D7-45243BBE2C31}"
EndProject
Project("{FAE04EC0-301F-11D3-BF4B-00C04F79EFBC}") = "CountCompleteTreeNodes", "CountCompleteTreeNodes\CountCompleteTreeNodes.csproj", "{ACAD4F89-8B6F-4ED9-95E8-DB55C66564C7}"
EndProject
Project("{FAE04EC0-301F-11D3-BF4B-00C04F79EFBC}") = "ImplementAStackUsingQueue", "ImplementAStackUsingQueue\ImplementAStackUsingQueue.csproj", "{E0281900-BED7-4316-89D4-0935098A7C76}"
EndProject
Project("{FAE04EC0-301F-11D3-BF4B-00C04F79EFBC}") = "PowerOfTwo", "PowerOfTwo\PowerOfTwo.csproj", "{94B37527-A6F8-4AF8-8252-8AC2D461C4F1}"
EndProject
Project("{FAE04EC0-301F-11D3-BF4B-00C04F79EFBC}") = "InvertABinaryTree", "InvertABinaryTree\InvertABinaryTree.csproj", "{A6B835AF-6AE4-4E43-BF04-D31FD303BE2B}"
EndProject
Project("{FAE04EC0-301F-11D3-BF4B-00C04F79EFBC}") = "SummaryRange", "SummaryRange\SummaryRange.csproj", "{47052B51-7475-42CF-AF48-0AD5EB3B5D1E}"
EndProject
Project("{FAE04EC0-301F-11D3-BF4B-00C04F79EFBC}") = "ImplementQueueUsingStacks", "ImplementQueueUsingStacks\ImplementQueueUsingStacks.csproj", "{71ECE475-E7B3-424A-8F04-A4AAB040525B}"
EndProject
Project("{FAE04EC0-301F-11D3-BF4B-00C04F79EFBC}") = "PalindromeLinkedList", "PalindromeLinkedList\PalindromeLinkedList.csproj", "{291328CF-72DD-4C6E-8EA9-5FFC4DD52D6E}"
EndProject
Project("{FAE04EC0-301F-11D3-BF4B-00C04F79EFBC}") = "ValidAnagram", "ValidAnagram\ValidAnagram.csproj", "{46D39230-8043-4BDD-8B2E-6136269FC362}"
EndProject
Project("{FAE04EC0-301F-11D3-BF4B-00C04F79EFBC}") = "FindTheOriginalTypedString1", "FindTheOriginalTypedString1\FindTheOriginalTypedString1.csproj", "{D47E4ACC-58BB-4245-BDBC-6ED0DBD45FCD}"
EndProject
Project("{FAE04EC0-301F-11D3-BF4B-00C04F79EFBC}") = "FindTheOriginalTypedString2", "FindTheOriginalTypedString3\FindTheOriginalTypedString2.csproj", "{433D73D1-781C-4B12-8345-D46894EB1E20}"
EndProject
Project("{FAE04EC0-301F-11D3-BF4B-00C04F79EFBC}") = "BinaryTreePaths", "BinaryTreePaths\BinaryTreePaths.csproj", "{A3A8942C-5376-4A52-A658-5D6FAC414CC9}"
EndProject
Project("{FAE04EC0-301F-11D3-BF4B-00C04F79EFBC}") = "AddDigits", "AddDigits\AddDigits.csproj", "{2A0D551A-5690-49D0-AE2F-8E3819631D22}"
EndProject
Project("{FAE04EC0-301F-11D3-BF4B-00C04F79EFBC}") = "FindTheKthCharacterInStringGame1", "FindTheKthCharacterInStringGame1\FindTheKthCharacterInStringGame1.csproj", "{A96CD36D-4BAB-40D2-BA26-442030A7F606}"
EndProject
Project("{FAE04EC0-301F-11D3-BF4B-00C04F79EFBC}") = "UglyNumber", "UglyNumber\UglyNumber.csproj", "{8513E7FA-654B-4E3B-8880-6A92D8FE04EF}"
EndProject
Project("{FAE04EC0-301F-11D3-BF4B-00C04F79EFBC}") = "MissingNumber", "MissingNumber\MissingNumber.csproj", "{CA3ACC30-1543-4FA7-921D-9A7D9513154E}"
EndProject
Project("{FAE04EC0-301F-11D3-BF4B-00C04F79EFBC}") = "FindTheKthCharacterInStringGame2", "FindTheKthCharacterInStringGame2\FindTheKthCharacterInStringGame2.csproj", "{A404A182-0929-4699-B8A1-CAC92AAE80ED}"
EndProject
Project("{FAE04EC0-301F-11D3-BF4B-00C04F79EFBC}") = "FirstBadVersion", "FirstBadVersion\FirstBadVersion.csproj", "{B25ABFD2-8845-4F7B-B9BB-85A7449EA869}"
EndProject
Project("{FAE04EC0-301F-11D3-BF4B-00C04F79EFBC}") = "MoveZeroes", "MoveZeroes\MoveZeroes.csproj", "{438BB8A0-6B52-4FBF-BAC9-31C4C02C7D60}"
EndProject
Project("{FAE04EC0-301F-11D3-BF4B-00C04F79EFBC}") = "WordPattern", "WordPattern\WordPattern.csproj", "{03A58DE7-1EA2-433C-ABD5-D231436F1870}"
EndProject
Project("{FAE04EC0-301F-11D3-BF4B-00C04F79EFBC}") = "FindLuckyIntegerInAnArray", "FindLuckyIntegerInAnArray\FindLuckyIntegerInAnArray.csproj", "{1747640D-22B2-48D5-B567-48F29A422E5E}"
EndProject
Project("{FAE04EC0-301F-11D3-BF4B-00C04F79EFBC}") = "NimGame", "NimGame\NimGame.csproj", "{484B78D9-54E7-4A9E-BC11-94F583186390}"
EndProject
Project("{FAE04EC0-301F-11D3-BF4B-00C04F79EFBC}") = "RangeSumQuery_Immutable", "RangeSumQuery_Immutable\RangeSumQuery_Immutable.csproj", "{1711D050-27A4-4C7C-B8E3-8E53F9FD5963}"
EndProject
Project("{FAE04EC0-301F-11D3-BF4B-00C04F79EFBC}") = "FindingPairsWithACertainSum", "FindingPairsWithACertainSum\FindingPairsWithACertainSum.csproj", "{A7ED1CC0-2DCE-42F3-8BA6-B6706F27840A}"
EndProject
Project("{FAE04EC0-301F-11D3-BF4B-00C04F79EFBC}") = "PowerOfThree", "PowerOfThree\PowerOfThree.csproj", "{89D21768-4039-4117-92C7-AE38AD8325DC}"
EndProject
Project("{FAE04EC0-301F-11D3-BF4B-00C04F79EFBC}") = "MaximumNumberOfEventsThatCanBeAttended", "MaximumNumberOfEventsThatCanBeAttended\MaximumNumberOfEventsThatCanBeAttended.csproj", "{17D9B22B-2557-4370-A951-CF7BC37C2AE6}"
EndProject
Project("{FAE04EC0-301F-11D3-BF4B-00C04F79EFBC}") = "Counting Bits", "Counting Bits\Counting Bits.csproj", "{4A30EAF1-5E3B-467F-B6AB-1589BE8CB599}"
EndProject
Project("{FAE04EC0-301F-11D3-BF4B-00C04F79EFBC}") = "PowerOfFour", "PowerOfFour\PowerOfFour.csproj", "{AF475294-6546-4B3E-87CB-D45DDD89AD77}"
EndProject
Project("{FAE04EC0-301F-11D3-BF4B-00C04F79EFBC}") = "MaximumNumberOfEventsThatCanBeAttended2", "MaximumNumberOfEventsThatCanBeAttended2\MaximumNumberOfEventsThatCanBeAttended2.csproj", "{A6321733-4311-4649-A124-CB3B513A782D}"
EndProject
Project("{FAE04EC0-301F-11D3-BF4B-00C04F79EFBC}") = "RescheduleMeetingsForMaxFreeTime1", "RescheduleMeetingsForMaxFreeTime1\RescheduleMeetingsForMaxFreeTime1.csproj", "{0D7E5A88-B804-4F8D-9623-B6A6573D7FDD}"
EndProject
Project("{FAE04EC0-301F-11D3-BF4B-00C04F79EFBC}") = "RescheduleMeetingsForMaximumFreeTime 2", "RescheduleMeetingsForMaximumFreeTime 2\RescheduleMeetingsForMaximumFreeTime 2.csproj", "{2C4CB9C0-9879-4CDA-89E3-2418025D57AC}"
EndProject
Project("{FAE04EC0-301F-11D3-BF4B-00C04F79EFBC}") = "ReverseString_2Pointers", "ReverseString_2Pointers\ReverseString_2Pointers.csproj", "{F13B40A8-C29B-486A-A9CC-6257A490817E}"
EndProject
Project("{FAE04EC0-301F-11D3-BF4B-00C04F79EFBC}") = "ReverseVowelsOfAString", "ReverseVowelsOfAString\ReverseVowelsOfAString.csproj", "{25DA9C05-3A8A-4477-B7DF-877C4C751751}"
EndProject
Project("{FAE04EC0-301F-11D3-BF4B-00C04F79EFBC}") = "IntersectionOfTwoArrays", "IntersectionOfTwoArrays\IntersectionOfTwoArrays.csproj", "{2093B727-098B-407B-B5C3-75C94ADEDCF2}"
EndProject
Project("{FAE04EC0-301F-11D3-BF4B-00C04F79EFBC}") = "ConvertBinaryNumberInALinkedListToInteger", "ConvertBinaryNumberInALinkedListToInteger\ConvertBinaryNumberInALinkedListToInteger.csproj", "{AC6F52E0-1843-4787-B30E-D89461C59034}"
EndProject
Project("{FAE04EC0-301F-11D3-BF4B-00C04F79EFBC}") = "ValidWord", "ValidWord\ValidWord.csproj", "{78259925-5937-4281-A041-78DB57BF304B}"
EndProject
Project("{FAE04EC0-301F-11D3-BF4B-00C04F79EFBC}") = "FindTheMaximumLengthOfValidSubsequent1", "FindTheMaximumLengthOfValidSubsequent1\FindTheMaximumLengthOfValidSubsequent1.csproj", "{4CDB8C27-4F45-41A5-A9C5-F01FBC83DF17}"
EndProject
Project("{FAE04EC0-301F-11D3-BF4B-00C04F79EFBC}") = "IntersectionOfTwoArrays2", "IntersectionOfTwoArrays2\IntersectionOfTwoArrays2.csproj", "{E8AE6645-669A-499A-9E78-A13D271C0D09}"
EndProject
Project("{FAE04EC0-301F-11D3-BF4B-00C04F79EFBC}") = "ValidPerfectSquare", "ValidPerfectSquare\ValidPerfectSquare.csproj", "{6D4BADB6-C651-4581-9785-B738C6ECCBAE}"
EndProject
Project("{FAE04EC0-301F-11D3-BF4B-00C04F79EFBC}") = "GuessNumberHigherOrLower", "GuessNumberHigherOrLower\GuessNumberHigherOrLower.csproj", "{FC12F8B0-79E1-4E46-9065-5AC8485CE9FC}"
EndProject
Project("{FAE04EC0-301F-11D3-BF4B-00C04F79EFBC}") = "RansomNote", "RansomNote\RansomNote.csproj", "{45CC1746-AD31-46F2-A8AF-A5E2BBBD4922}"
EndProject
Project("{FAE04EC0-301F-11D3-BF4B-00C04F79EFBC}") = "FirstUniqueCharacterInAString", "FirstUniqueCharacterInAString\FirstUniqueCharacterInAString.csproj", "{34729956-4E58-4B6C-B642-AC810A68328F}"
EndProject
Project("{FAE04EC0-301F-11D3-BF4B-00C04F79EFBC}") = "RemoveSubfoldersFromTheFilesystem", "RemoveSubfoldersFromTheFilesystem\RemoveSubfoldersFromTheFilesystem.csproj", "{251E6FF4-E00F-413E-833F-2509E74DB6BE}"
EndProject
Project("{FAE04EC0-301F-11D3-BF4B-00C04F79EFBC}") = "FindTheDifference", "FindTheDifference\FindTheDifference.csproj", "{609933AE-3D30-4536-A70C-B195B2821830}"
EndProject
Project("{FAE04EC0-301F-11D3-BF4B-00C04F79EFBC}") = "DeleteDuplicateFoldersInSystem", "DeleteDuplicateFoldersInSystem\DeleteDuplicateFoldersInSystem.csproj", "{B142CF42-E8FB-4C8B-BC86-2B39689DC989}"
EndProject
Project("{FAE04EC0-301F-11D3-BF4B-00C04F79EFBC}") = "IsSubsequence", "IsSubsequence\IsSubsequence.csproj", "{66159724-0E0A-4957-960F-53FC5721A881}"
EndProject
Project("{FAE04EC0-301F-11D3-BF4B-00C04F79EFBC}") = "DeleteCharactersToMakeFancyString", "DeleteCharactersToMakeFancyString\DeleteCharactersToMakeFancyString.csproj", "{65DC9C43-9220-4DCF-A427-787720888356}"
EndProject
Project("{FAE04EC0-301F-11D3-BF4B-00C04F79EFBC}") = "SumOfLeftLeaves", "SumOfLeftLeaves\SumOfLeftLeaves.csproj", "{AC8939A1-03A7-4448-AF84-956749EB619A}"
EndProject
Project("{FAE04EC0-301F-11D3-BF4B-00C04F79EFBC}") = "MaximumErasureValue", "MaximumErasureValue\MaximumErasureValue.csproj", "{E8D6C8CD-E7EB-41BA-A9AB-2C389C5FAB5A}"
EndProject
Project("{FAE04EC0-301F-11D3-BF4B-00C04F79EFBC}") = "MaximumUniqueSubarraySumAfterDeletion", "MaximumUniqueSubarraySumAfterDeletion\MaximumUniqueSubarraySumAfterDeletion.csproj", "{D25A6022-DFB9-43FE-9733-8A5EFF0CCA46}"
EndProject
Project("{FAE04EC0-301F-11D3-BF4B-00C04F79EFBC}") = "BinaryWatch", "BinaryWatch\BinaryWatch.csproj", "{1FFDB687-D9F2-4802-BB6E-90255EF97FF3}"
EndProject
Project("{FAE04EC0-301F-11D3-BF4B-00C04F79EFBC}") = "ConvertANumberToHexaDecimal", "ConvertANumberToHexaDecimal\ConvertANumberToHexaDecimal.csproj", "{07C34B64-92EC-4D57-9289-0251F33AF80B}"
EndProject
Project("{FAE04EC0-301F-11D3-BF4B-00C04F79EFBC}") = "LongestPalindrome", "LongestPalindrome\LongestPalindrome.csproj", "{B6D43917-1BC8-4CD3-9887-A547EF95AA01}"
EndProject
Project("{FAE04EC0-301F-11D3-BF4B-00C04F79EFBC}") = "FizzBuzz", "FizzBuzz\FizzBuzz.csproj", "{88AC4971-5957-4AB9-A59F-8D14821C57CB}"
EndProject
Project("{FAE04EC0-301F-11D3-BF4B-00C04F79EFBC}") = "ConvertIntegerToTheSumOfTwoNoZeroIntegers", "ConvertIntegerToTheSumOfTwoNoZeroIntegers\ConvertIntegerToTheSumOfTwoNoZeroIntegers.csproj", "{3F12AB04-E34F-4A14-A62D-80544B43D33D}"
EndProject
Project("{FAE04EC0-301F-11D3-BF4B-00C04F79EFBC}") = "FruitsIntoBaskets2", "FruitsIntoBaskets2\FruitsIntoBaskets2.csproj", "{12B505A5-D149-4306-8F6B-EE302898E2BC}"
EndProject
Project("{FAE04EC0-301F-11D3-BF4B-00C04F79EFBC}") = "Largest3SameDigitNumberInString", "Largest3SameDigitNumberInString\Largest3SameDigitNumberInString.csproj", "{0613AD20-1868-4B11-A95F-4B5C542FF617}"
EndProject
Project("{FAE04EC0-301F-11D3-BF4B-00C04F79EFBC}") = "SortVowelsInAString", "SortVowelsInAString\SortVowelsInAString.csproj", "{FEB2E269-9F29-4D7E-B85C-115F0C138CEC}"
EndProject
Project("{FAE04EC0-301F-11D3-BF4B-00C04F79EFBC}") = "AverageSalaryExcludingTheMinAndMaxSalary", "AverageSalaryExcludingTheMinAndMaxSalary\AverageSalaryExcludingTheMinAndMaxSalary.csproj", "{A46D740F-D230-4D5B-B02A-50F0387A850F}"
EndProject
Project("{FAE04EC0-301F-11D3-BF4B-00C04F79EFBC}") = "MaxiumumNumberOfWordsYouCanType", "MaxiumumNumberOfWordsYouCanType\MaxiumumNumberOfWordsYouCanType.csproj", "{C735C60C-AF1A-425A-AE3B-13C9AF112EDC}"
EndProject
Project("{FAE04EC0-301F-11D3-BF4B-00C04F79EFBC}") = "CountElementsWithMaximumFrequency", "CountElementsWithMaximumFrequency\CountElementsWithMaximumFrequency.csproj", "{17836CED-3039-47ED-AEEF-23F4925004F4}"
EndProject
Project("{FAE04EC0-301F-11D3-BF4B-00C04F79EFBC}") = "AdjacentIncreasingSubarrayDetection1", "AdjacentIncreasingSubarrayDetection1\AdjacentIncreasingSubarrayDetection1.csproj", "{FCCAFF82-93C1-4699-B9C8-B4A870323AAA}"
EndProject
Project("{FAE04EC0-301F-11D3-BF4B-00C04F79EFBC}") = "VowelsGameInAString", "VowelsGameInAString\VowelsGameInAString.csproj", "{F2B00CB2-0903-4494-885D-7B41C5AA169C}"
EndProject
Project("{FAE04EC0-301F-11D3-BF4B-00C04F79EFBC}") = "SmallestMissingNonNegativeIntegerAfterOperations", "SmallestMissingNonNegativeIntegerAfterOperations\SmallestMissingNonNegativeIntegerAfterOperations.csproj", "{AA1DFDEA-5E17-4561-ACA6-856D78488C7C}"
EndProject
Project("{FAE04EC0-301F-11D3-BF4B-00C04F79EFBC}") = "FinalValueOfVariableAfterPerformingOperations", "FinalValueOfVariableAfterPerformingOperations\FinalValueOfVariableAfterPerformingOperations.csproj", "{89D7C872-869C-4D06-BCAC-B165DA6355DA}"
EndProject
Project("{FAE04EC0-301F-11D3-BF4B-00C04F79EFBC}") = "CheckIfDigitsAreEqualInStringAfterOperations1", "CheckIfDigitsAreEqualInStringAfterOperations1\CheckIfDigitsAreEqualInStringAfterOperations1.csproj", "{90471CBB-6A95-4FB2-BD5D-1BCA25761621}"
EndProject
Project("{FAE04EC0-301F-11D3-BF4B-00C04F79EFBC}") = "NextGreaterNumericallyBalancedNumber", "NextGreaterNumericallyBalancedNumber\NextGreaterNumericallyBalancedNumber.csproj", "{817540FA-BB5F-4ECB-A700-A2E7F30BA33D}"
EndProject
Project("{FAE04EC0-301F-11D3-BF4B-00C04F79EFBC}") = "NumberOfLaserBeamsInABank", "NumberOfLaserBeamsInABank\NumberOfLaserBeamsInABank.csproj", "{F12AA56B-FD3C-400E-85BC-618F81015FDD}"
EndProject
Project("{FAE04EC0-301F-11D3-BF4B-00C04F79EFBC}") = "MakeArrayElementsEqualToZero", "MakeArrayElementsEqualToZero\MakeArrayElementsEqualToZero.csproj", "{345AFEC9-7D64-48FC-AC33-88368F8C15C0}"
EndProject
Project("{FAE04EC0-301F-11D3-BF4B-00C04F79EFBC}") = "SmallestNumberWithAllSetBits", "SmallestNumberWithAllSetBits\SmallestNumberWithAllSetBits.csproj", "{49FEAA82-F647-4DC0-A2E2-7EDB7A105E40}"
EndProject
Project("{FAE04EC0-301F-11D3-BF4B-00C04F79EFBC}") = "MinimumNumberOfIncrementsOnSubarrayToFormATargetArray", "MinimumNumberOfIncrementsOnSubarrayToFormATargetArray\MinimumNumberOfIncrementsOnSubarrayToFormATargetArray.csproj", "{23041807-7A9F-4395-98C1-B711E42DF39B}"
EndProject
Project("{FAE04EC0-301F-11D3-BF4B-00C04F79EFBC}") = "TheTwoSneakyNumbersOfDigitville", "TheTwoSneakyNumbersOfDigitville\TheTwoSneakyNumbersOfDigitville.csproj", "{6AE0CA5F-B8A4-48D3-8D9A-9AFB6CEC8F64}"
EndProject
Project("{FAE04EC0-301F-11D3-BF4B-00C04F79EFBC}") = "DeleteNodesFromLinkedListPresentInArray", "DeleteNodesFromLinkedListPresentInArray\DeleteNodesFromLinkedListPresentInArray.csproj", "{83F496FD-1512-4380-933E-FD0CFB7791AA}"
EndProject
Project("{FAE04EC0-301F-11D3-BF4B-00C04F79EFBC}") = "CountUnguardedCellsInTheGrid", "CountUnguardedCellsInTheGrid\CountUnguardedCellsInTheGrid.csproj", "{A89A3556-4F8D-4889-9920-3D7A0898A882}"
EndProject
Project("{FAE04EC0-301F-11D3-BF4B-00C04F79EFBC}") = "MinimumTimeToMakeRopeColorful", "MinimumTimeToMakeRopeColorful\MinimumTimeToMakeRopeColorful.csproj", "{541F23CD-09EA-47FC-B462-768680A93073}"
EndProject
Project("{FAE04EC0-301F-11D3-BF4B-00C04F79EFBC}") = "FindX-SumOfAllK-LongSubarrays1", "FindX-SumOfAllK-LongSubarrays1\FindX-SumOfAllK-LongSubarrays1.csproj", "{CCB5865B-788A-4B54-A505-8701B69E78A4}"
EndProject
Project("{FAE04EC0-301F-11D3-BF4B-00C04F79EFBC}") = "MinimumOneBitOperationsToMakeIntegersZero", "MinimumOneBitOperationsToMakeIntegersZero\MinimumOneBitOperationsToMakeIntegersZero.csproj", "{48B85283-3045-4A86-99A8-65C9919B0715}"
EndProject
Project("{FAE04EC0-301F-11D3-BF4B-00C04F79EFBC}") = "CountOperationsToObtainZero", "CountOperationsToObtainZero\CountOperationsToObtainZero.csproj", "{A255D88A-D362-4634-A318-C3FFC99AD9D2}"
EndProject
Project("{FAE04EC0-301F-11D3-BF4B-00C04F79EFBC}") = "MinimumOperationsToConvertAllElementsToZero", "MinimumOperationsToConvertAllElementsToZero\MinimumOperationsToConvertAllElementsToZero.csproj", "{C0C9162C-553E-431C-85C6-17A39849125C}"
EndProject
Project("{FAE04EC0-301F-11D3-BF4B-00C04F79EFBC}") = "OnesAndZeroes", "OnesAndZeroes\OnesAndZeroes.csproj", "{F5FF9632-88FE-4B3A-8C92-EA49B6C036F1}"
EndProject
Project("{FAE04EC0-301F-11D3-BF4B-00C04F79EFBC}") = "MinimumNumberOfOperationsToMakeAllArrayElementsEqualTo1", "MinimumNumberOfOperationsToMakeAllArrayElementsEqualTo1\MinimumNumberOfOperationsToMakeAllArrayElementsEqualTo1.csproj", "{C4C88488-D4A9-4D99-9BB4-C3B06A2A6EAA}"
EndProject
Project("{FAE04EC0-301F-11D3-BF4B-00C04F79EFBC}") = "MaximumNumberOfOperationsToMoveOnesToTheEnd", "MaximumNumberOfOperationsToMoveOnesToTheEnd\MaximumNumberOfOperationsToMoveOnesToTheEnd.csproj", "{1510F9A7-7090-43B4-BE3D-E25599538CE5}"
EndProject
Global
	GlobalSection(SolutionConfigurationPlatforms) = preSolution
		Debug|Any CPU = Debug|Any CPU
		Release|Any CPU = Release|Any CPU
	EndGlobalSection
	GlobalSection(ProjectConfigurationPlatforms) = postSolution
		{D618F759-7770-4AA1-A2E9-39EA05B48073}.Debug|Any CPU.ActiveCfg = Debug|Any CPU
		{D618F759-7770-4AA1-A2E9-39EA05B48073}.Debug|Any CPU.Build.0 = Debug|Any CPU
		{D618F759-7770-4AA1-A2E9-39EA05B48073}.Release|Any CPU.ActiveCfg = Release|Any CPU
		{D618F759-7770-4AA1-A2E9-39EA05B48073}.Release|Any CPU.Build.0 = Release|Any CPU
		{A81640A1-6EC3-4AA2-B3B8-EE03EDCE105F}.Debug|Any CPU.ActiveCfg = Debug|Any CPU
		{A81640A1-6EC3-4AA2-B3B8-EE03EDCE105F}.Debug|Any CPU.Build.0 = Debug|Any CPU
		{A81640A1-6EC3-4AA2-B3B8-EE03EDCE105F}.Release|Any CPU.ActiveCfg = Release|Any CPU
		{A81640A1-6EC3-4AA2-B3B8-EE03EDCE105F}.Release|Any CPU.Build.0 = Release|Any CPU
		{093B1465-0C9D-4F6C-833E-158AC76BCDEB}.Debug|Any CPU.ActiveCfg = Debug|Any CPU
		{093B1465-0C9D-4F6C-833E-158AC76BCDEB}.Debug|Any CPU.Build.0 = Debug|Any CPU
		{093B1465-0C9D-4F6C-833E-158AC76BCDEB}.Release|Any CPU.ActiveCfg = Release|Any CPU
		{093B1465-0C9D-4F6C-833E-158AC76BCDEB}.Release|Any CPU.Build.0 = Release|Any CPU
		{65EDF8D9-4912-48F1-AD6E-9CED1D99EB09}.Debug|Any CPU.ActiveCfg = Debug|Any CPU
		{65EDF8D9-4912-48F1-AD6E-9CED1D99EB09}.Debug|Any CPU.Build.0 = Debug|Any CPU
		{65EDF8D9-4912-48F1-AD6E-9CED1D99EB09}.Release|Any CPU.ActiveCfg = Release|Any CPU
		{65EDF8D9-4912-48F1-AD6E-9CED1D99EB09}.Release|Any CPU.Build.0 = Release|Any CPU
		{717D1F51-B4F3-45FD-84CD-B768BABA7273}.Debug|Any CPU.ActiveCfg = Debug|Any CPU
		{717D1F51-B4F3-45FD-84CD-B768BABA7273}.Debug|Any CPU.Build.0 = Debug|Any CPU
		{717D1F51-B4F3-45FD-84CD-B768BABA7273}.Release|Any CPU.ActiveCfg = Release|Any CPU
		{717D1F51-B4F3-45FD-84CD-B768BABA7273}.Release|Any CPU.Build.0 = Release|Any CPU
		{4AA05970-0ABB-4CB3-9234-76132F540A11}.Debug|Any CPU.ActiveCfg = Debug|Any CPU
		{4AA05970-0ABB-4CB3-9234-76132F540A11}.Debug|Any CPU.Build.0 = Debug|Any CPU
		{4AA05970-0ABB-4CB3-9234-76132F540A11}.Release|Any CPU.ActiveCfg = Release|Any CPU
		{4AA05970-0ABB-4CB3-9234-76132F540A11}.Release|Any CPU.Build.0 = Release|Any CPU
		{25D4ED66-496E-4C76-8849-07C53E85F120}.Debug|Any CPU.ActiveCfg = Debug|Any CPU
		{25D4ED66-496E-4C76-8849-07C53E85F120}.Debug|Any CPU.Build.0 = Debug|Any CPU
		{25D4ED66-496E-4C76-8849-07C53E85F120}.Release|Any CPU.ActiveCfg = Release|Any CPU
		{25D4ED66-496E-4C76-8849-07C53E85F120}.Release|Any CPU.Build.0 = Release|Any CPU
		{51E80C32-441D-4150-84ED-50622F9C4EE3}.Debug|Any CPU.ActiveCfg = Debug|Any CPU
		{51E80C32-441D-4150-84ED-50622F9C4EE3}.Debug|Any CPU.Build.0 = Debug|Any CPU
		{51E80C32-441D-4150-84ED-50622F9C4EE3}.Release|Any CPU.ActiveCfg = Release|Any CPU
		{51E80C32-441D-4150-84ED-50622F9C4EE3}.Release|Any CPU.Build.0 = Release|Any CPU
		{59394162-3F3F-491D-89F9-062FDC205F11}.Debug|Any CPU.ActiveCfg = Debug|Any CPU
		{59394162-3F3F-491D-89F9-062FDC205F11}.Debug|Any CPU.Build.0 = Debug|Any CPU
		{59394162-3F3F-491D-89F9-062FDC205F11}.Release|Any CPU.ActiveCfg = Release|Any CPU
		{59394162-3F3F-491D-89F9-062FDC205F11}.Release|Any CPU.Build.0 = Release|Any CPU
		{66B2FB2F-0C5F-4853-99B9-4DD1681985F2}.Debug|Any CPU.ActiveCfg = Debug|Any CPU
		{66B2FB2F-0C5F-4853-99B9-4DD1681985F2}.Debug|Any CPU.Build.0 = Debug|Any CPU
		{66B2FB2F-0C5F-4853-99B9-4DD1681985F2}.Release|Any CPU.ActiveCfg = Release|Any CPU
		{66B2FB2F-0C5F-4853-99B9-4DD1681985F2}.Release|Any CPU.Build.0 = Release|Any CPU
		{1BAE2D44-0FF4-45DF-AA81-B0C204E95F69}.Debug|Any CPU.ActiveCfg = Debug|Any CPU
		{1BAE2D44-0FF4-45DF-AA81-B0C204E95F69}.Debug|Any CPU.Build.0 = Debug|Any CPU
		{1BAE2D44-0FF4-45DF-AA81-B0C204E95F69}.Release|Any CPU.ActiveCfg = Release|Any CPU
		{1BAE2D44-0FF4-45DF-AA81-B0C204E95F69}.Release|Any CPU.Build.0 = Release|Any CPU
		{2B58E5B9-CB89-4E93-BBCC-9689BAC42080}.Debug|Any CPU.ActiveCfg = Debug|Any CPU
		{2B58E5B9-CB89-4E93-BBCC-9689BAC42080}.Debug|Any CPU.Build.0 = Debug|Any CPU
		{2B58E5B9-CB89-4E93-BBCC-9689BAC42080}.Release|Any CPU.ActiveCfg = Release|Any CPU
		{2B58E5B9-CB89-4E93-BBCC-9689BAC42080}.Release|Any CPU.Build.0 = Release|Any CPU
		{9F85117B-9499-419F-8E4A-24377EB8F39C}.Debug|Any CPU.ActiveCfg = Debug|Any CPU
		{9F85117B-9499-419F-8E4A-24377EB8F39C}.Debug|Any CPU.Build.0 = Debug|Any CPU
		{9F85117B-9499-419F-8E4A-24377EB8F39C}.Release|Any CPU.ActiveCfg = Release|Any CPU
		{9F85117B-9499-419F-8E4A-24377EB8F39C}.Release|Any CPU.Build.0 = Release|Any CPU
		{9D40ECAC-FFBE-4B14-9578-E0369DF63160}.Debug|Any CPU.ActiveCfg = Debug|Any CPU
		{9D40ECAC-FFBE-4B14-9578-E0369DF63160}.Debug|Any CPU.Build.0 = Debug|Any CPU
		{9D40ECAC-FFBE-4B14-9578-E0369DF63160}.Release|Any CPU.ActiveCfg = Release|Any CPU
		{9D40ECAC-FFBE-4B14-9578-E0369DF63160}.Release|Any CPU.Build.0 = Release|Any CPU
		{FEE1877F-1F19-4F4A-993B-B3D6E8EFF269}.Debug|Any CPU.ActiveCfg = Debug|Any CPU
		{FEE1877F-1F19-4F4A-993B-B3D6E8EFF269}.Debug|Any CPU.Build.0 = Debug|Any CPU
		{FEE1877F-1F19-4F4A-993B-B3D6E8EFF269}.Release|Any CPU.ActiveCfg = Release|Any CPU
		{FEE1877F-1F19-4F4A-993B-B3D6E8EFF269}.Release|Any CPU.Build.0 = Release|Any CPU
		{AC75A828-9A1B-4BDA-9F58-54AA42C93BB4}.Debug|Any CPU.ActiveCfg = Debug|Any CPU
		{AC75A828-9A1B-4BDA-9F58-54AA42C93BB4}.Debug|Any CPU.Build.0 = Debug|Any CPU
		{AC75A828-9A1B-4BDA-9F58-54AA42C93BB4}.Release|Any CPU.ActiveCfg = Release|Any CPU
		{AC75A828-9A1B-4BDA-9F58-54AA42C93BB4}.Release|Any CPU.Build.0 = Release|Any CPU
		{60847F2D-E8F5-4E14-92EA-78FB4D7F4520}.Debug|Any CPU.ActiveCfg = Debug|Any CPU
		{60847F2D-E8F5-4E14-92EA-78FB4D7F4520}.Debug|Any CPU.Build.0 = Debug|Any CPU
		{60847F2D-E8F5-4E14-92EA-78FB4D7F4520}.Release|Any CPU.ActiveCfg = Release|Any CPU
		{60847F2D-E8F5-4E14-92EA-78FB4D7F4520}.Release|Any CPU.Build.0 = Release|Any CPU
		{E1BBBBB4-B387-45A6-BDDC-F9DAA20E0EB5}.Debug|Any CPU.ActiveCfg = Debug|Any CPU
		{E1BBBBB4-B387-45A6-BDDC-F9DAA20E0EB5}.Debug|Any CPU.Build.0 = Debug|Any CPU
		{E1BBBBB4-B387-45A6-BDDC-F9DAA20E0EB5}.Release|Any CPU.ActiveCfg = Release|Any CPU
		{E1BBBBB4-B387-45A6-BDDC-F9DAA20E0EB5}.Release|Any CPU.Build.0 = Release|Any CPU
		{EB99C4E6-358E-4A05-8E26-B84DC7D3775D}.Debug|Any CPU.ActiveCfg = Debug|Any CPU
		{EB99C4E6-358E-4A05-8E26-B84DC7D3775D}.Debug|Any CPU.Build.0 = Debug|Any CPU
		{EB99C4E6-358E-4A05-8E26-B84DC7D3775D}.Release|Any CPU.ActiveCfg = Release|Any CPU
		{EB99C4E6-358E-4A05-8E26-B84DC7D3775D}.Release|Any CPU.Build.0 = Release|Any CPU
		{E7E96178-47B7-4F68-821B-6F127B9EBFCF}.Debug|Any CPU.ActiveCfg = Debug|Any CPU
		{E7E96178-47B7-4F68-821B-6F127B9EBFCF}.Debug|Any CPU.Build.0 = Debug|Any CPU
		{E7E96178-47B7-4F68-821B-6F127B9EBFCF}.Release|Any CPU.ActiveCfg = Release|Any CPU
		{E7E96178-47B7-4F68-821B-6F127B9EBFCF}.Release|Any CPU.Build.0 = Release|Any CPU
		{9DE36627-6478-497D-856E-466E6FC1F1C3}.Debug|Any CPU.ActiveCfg = Debug|Any CPU
		{9DE36627-6478-497D-856E-466E6FC1F1C3}.Debug|Any CPU.Build.0 = Debug|Any CPU
		{9DE36627-6478-497D-856E-466E6FC1F1C3}.Release|Any CPU.ActiveCfg = Release|Any CPU
		{9DE36627-6478-497D-856E-466E6FC1F1C3}.Release|Any CPU.Build.0 = Release|Any CPU
		{2700394E-06A0-4591-B419-2C619E981411}.Debug|Any CPU.ActiveCfg = Debug|Any CPU
		{2700394E-06A0-4591-B419-2C619E981411}.Debug|Any CPU.Build.0 = Debug|Any CPU
		{2700394E-06A0-4591-B419-2C619E981411}.Release|Any CPU.ActiveCfg = Release|Any CPU
		{2700394E-06A0-4591-B419-2C619E981411}.Release|Any CPU.Build.0 = Release|Any CPU
		{146973B2-A4E1-497B-AD8D-07F62D825BF3}.Debug|Any CPU.ActiveCfg = Debug|Any CPU
		{146973B2-A4E1-497B-AD8D-07F62D825BF3}.Debug|Any CPU.Build.0 = Debug|Any CPU
		{146973B2-A4E1-497B-AD8D-07F62D825BF3}.Release|Any CPU.ActiveCfg = Release|Any CPU
		{146973B2-A4E1-497B-AD8D-07F62D825BF3}.Release|Any CPU.Build.0 = Release|Any CPU
		{1F55F12F-D577-4862-94BB-83A34D4F79B5}.Debug|Any CPU.ActiveCfg = Debug|Any CPU
		{1F55F12F-D577-4862-94BB-83A34D4F79B5}.Debug|Any CPU.Build.0 = Debug|Any CPU
		{1F55F12F-D577-4862-94BB-83A34D4F79B5}.Release|Any CPU.ActiveCfg = Release|Any CPU
		{1F55F12F-D577-4862-94BB-83A34D4F79B5}.Release|Any CPU.Build.0 = Release|Any CPU
		{6800CB7F-1FEF-4BE5-9B8C-F87A0931CA6F}.Debug|Any CPU.ActiveCfg = Debug|Any CPU
		{6800CB7F-1FEF-4BE5-9B8C-F87A0931CA6F}.Debug|Any CPU.Build.0 = Debug|Any CPU
		{6800CB7F-1FEF-4BE5-9B8C-F87A0931CA6F}.Release|Any CPU.ActiveCfg = Release|Any CPU
		{6800CB7F-1FEF-4BE5-9B8C-F87A0931CA6F}.Release|Any CPU.Build.0 = Release|Any CPU
		{BFC01B01-8F11-4A73-BD7A-D9A8E58500D3}.Debug|Any CPU.ActiveCfg = Debug|Any CPU
		{BFC01B01-8F11-4A73-BD7A-D9A8E58500D3}.Debug|Any CPU.Build.0 = Debug|Any CPU
		{BFC01B01-8F11-4A73-BD7A-D9A8E58500D3}.Release|Any CPU.ActiveCfg = Release|Any CPU
		{BFC01B01-8F11-4A73-BD7A-D9A8E58500D3}.Release|Any CPU.Build.0 = Release|Any CPU
		{C358BB31-3D42-48EC-B9E6-409F94E73342}.Debug|Any CPU.ActiveCfg = Debug|Any CPU
		{C358BB31-3D42-48EC-B9E6-409F94E73342}.Debug|Any CPU.Build.0 = Debug|Any CPU
		{C358BB31-3D42-48EC-B9E6-409F94E73342}.Release|Any CPU.ActiveCfg = Release|Any CPU
		{C358BB31-3D42-48EC-B9E6-409F94E73342}.Release|Any CPU.Build.0 = Release|Any CPU
		{8B20E419-C97C-411C-A043-4E9DD27FBF44}.Debug|Any CPU.ActiveCfg = Debug|Any CPU
		{8B20E419-C97C-411C-A043-4E9DD27FBF44}.Debug|Any CPU.Build.0 = Debug|Any CPU
		{8B20E419-C97C-411C-A043-4E9DD27FBF44}.Release|Any CPU.ActiveCfg = Release|Any CPU
		{8B20E419-C97C-411C-A043-4E9DD27FBF44}.Release|Any CPU.Build.0 = Release|Any CPU
		{862D458A-8E89-453A-9320-63B9FCE7D907}.Debug|Any CPU.ActiveCfg = Debug|Any CPU
		{862D458A-8E89-453A-9320-63B9FCE7D907}.Debug|Any CPU.Build.0 = Debug|Any CPU
		{862D458A-8E89-453A-9320-63B9FCE7D907}.Release|Any CPU.ActiveCfg = Release|Any CPU
		{862D458A-8E89-453A-9320-63B9FCE7D907}.Release|Any CPU.Build.0 = Release|Any CPU
		{1144DD42-B5E5-4585-B48C-EF5A1D29CE42}.Debug|Any CPU.ActiveCfg = Debug|Any CPU
		{1144DD42-B5E5-4585-B48C-EF5A1D29CE42}.Debug|Any CPU.Build.0 = Debug|Any CPU
		{1144DD42-B5E5-4585-B48C-EF5A1D29CE42}.Release|Any CPU.ActiveCfg = Release|Any CPU
		{1144DD42-B5E5-4585-B48C-EF5A1D29CE42}.Release|Any CPU.Build.0 = Release|Any CPU
		{8393D037-B89F-4668-908D-77F41EA778A1}.Debug|Any CPU.ActiveCfg = Debug|Any CPU
		{8393D037-B89F-4668-908D-77F41EA778A1}.Debug|Any CPU.Build.0 = Debug|Any CPU
		{8393D037-B89F-4668-908D-77F41EA778A1}.Release|Any CPU.ActiveCfg = Release|Any CPU
		{8393D037-B89F-4668-908D-77F41EA778A1}.Release|Any CPU.Build.0 = Release|Any CPU
		{4DD3A508-ED85-4584-B590-ED8D6467F5D2}.Debug|Any CPU.ActiveCfg = Debug|Any CPU
		{4DD3A508-ED85-4584-B590-ED8D6467F5D2}.Debug|Any CPU.Build.0 = Debug|Any CPU
		{4DD3A508-ED85-4584-B590-ED8D6467F5D2}.Release|Any CPU.ActiveCfg = Release|Any CPU
		{4DD3A508-ED85-4584-B590-ED8D6467F5D2}.Release|Any CPU.Build.0 = Release|Any CPU
		{8E092207-22B9-4748-BECB-8EED1E137DCC}.Debug|Any CPU.ActiveCfg = Debug|Any CPU
		{8E092207-22B9-4748-BECB-8EED1E137DCC}.Debug|Any CPU.Build.0 = Debug|Any CPU
		{8E092207-22B9-4748-BECB-8EED1E137DCC}.Release|Any CPU.ActiveCfg = Release|Any CPU
		{8E092207-22B9-4748-BECB-8EED1E137DCC}.Release|Any CPU.Build.0 = Release|Any CPU
		{1F222BB8-C7E9-4D9A-8A3E-B24FB2852580}.Debug|Any CPU.ActiveCfg = Debug|Any CPU
		{1F222BB8-C7E9-4D9A-8A3E-B24FB2852580}.Debug|Any CPU.Build.0 = Debug|Any CPU
		{1F222BB8-C7E9-4D9A-8A3E-B24FB2852580}.Release|Any CPU.ActiveCfg = Release|Any CPU
		{1F222BB8-C7E9-4D9A-8A3E-B24FB2852580}.Release|Any CPU.Build.0 = Release|Any CPU
		{BB42BDEC-BD83-4736-B923-7E45C060F710}.Debug|Any CPU.ActiveCfg = Debug|Any CPU
		{BB42BDEC-BD83-4736-B923-7E45C060F710}.Debug|Any CPU.Build.0 = Debug|Any CPU
		{BB42BDEC-BD83-4736-B923-7E45C060F710}.Release|Any CPU.ActiveCfg = Release|Any CPU
		{BB42BDEC-BD83-4736-B923-7E45C060F710}.Release|Any CPU.Build.0 = Release|Any CPU
		{510C4F4E-0E05-4D78-8496-899B030C5C02}.Debug|Any CPU.ActiveCfg = Debug|Any CPU
		{510C4F4E-0E05-4D78-8496-899B030C5C02}.Debug|Any CPU.Build.0 = Debug|Any CPU
		{510C4F4E-0E05-4D78-8496-899B030C5C02}.Release|Any CPU.ActiveCfg = Release|Any CPU
		{510C4F4E-0E05-4D78-8496-899B030C5C02}.Release|Any CPU.Build.0 = Release|Any CPU
		{AC45D49F-C180-4579-96F8-D8767B6414A4}.Debug|Any CPU.ActiveCfg = Debug|Any CPU
		{AC45D49F-C180-4579-96F8-D8767B6414A4}.Debug|Any CPU.Build.0 = Debug|Any CPU
		{AC45D49F-C180-4579-96F8-D8767B6414A4}.Release|Any CPU.ActiveCfg = Release|Any CPU
		{AC45D49F-C180-4579-96F8-D8767B6414A4}.Release|Any CPU.Build.0 = Release|Any CPU
		{316A1473-9BBE-4D9F-B534-1ADA976620EE}.Debug|Any CPU.ActiveCfg = Debug|Any CPU
		{316A1473-9BBE-4D9F-B534-1ADA976620EE}.Debug|Any CPU.Build.0 = Debug|Any CPU
		{316A1473-9BBE-4D9F-B534-1ADA976620EE}.Release|Any CPU.ActiveCfg = Release|Any CPU
		{316A1473-9BBE-4D9F-B534-1ADA976620EE}.Release|Any CPU.Build.0 = Release|Any CPU
		{FD2FE069-CB15-4DF7-B5F7-330A527ADE61}.Debug|Any CPU.ActiveCfg = Debug|Any CPU
		{FD2FE069-CB15-4DF7-B5F7-330A527ADE61}.Debug|Any CPU.Build.0 = Debug|Any CPU
		{FD2FE069-CB15-4DF7-B5F7-330A527ADE61}.Release|Any CPU.ActiveCfg = Release|Any CPU
		{FD2FE069-CB15-4DF7-B5F7-330A527ADE61}.Release|Any CPU.Build.0 = Release|Any CPU
		{ED157CFB-E795-4B48-AD52-DA65F4D15C9D}.Debug|Any CPU.ActiveCfg = Debug|Any CPU
		{ED157CFB-E795-4B48-AD52-DA65F4D15C9D}.Debug|Any CPU.Build.0 = Debug|Any CPU
		{ED157CFB-E795-4B48-AD52-DA65F4D15C9D}.Release|Any CPU.ActiveCfg = Release|Any CPU
		{ED157CFB-E795-4B48-AD52-DA65F4D15C9D}.Release|Any CPU.Build.0 = Release|Any CPU
		{AA9723B8-63C1-4917-A1B8-A4FCB694AAC3}.Debug|Any CPU.ActiveCfg = Debug|Any CPU
		{AA9723B8-63C1-4917-A1B8-A4FCB694AAC3}.Debug|Any CPU.Build.0 = Debug|Any CPU
		{AA9723B8-63C1-4917-A1B8-A4FCB694AAC3}.Release|Any CPU.ActiveCfg = Release|Any CPU
		{AA9723B8-63C1-4917-A1B8-A4FCB694AAC3}.Release|Any CPU.Build.0 = Release|Any CPU
		{7584D9F0-8677-4D13-9FF2-541F59DDE8EA}.Debug|Any CPU.ActiveCfg = Debug|Any CPU
		{7584D9F0-8677-4D13-9FF2-541F59DDE8EA}.Debug|Any CPU.Build.0 = Debug|Any CPU
		{7584D9F0-8677-4D13-9FF2-541F59DDE8EA}.Release|Any CPU.ActiveCfg = Release|Any CPU
		{7584D9F0-8677-4D13-9FF2-541F59DDE8EA}.Release|Any CPU.Build.0 = Release|Any CPU
		{50ABB66D-F150-4694-9FB0-05B681BDA234}.Debug|Any CPU.ActiveCfg = Debug|Any CPU
		{50ABB66D-F150-4694-9FB0-05B681BDA234}.Debug|Any CPU.Build.0 = Debug|Any CPU
		{50ABB66D-F150-4694-9FB0-05B681BDA234}.Release|Any CPU.ActiveCfg = Release|Any CPU
		{50ABB66D-F150-4694-9FB0-05B681BDA234}.Release|Any CPU.Build.0 = Release|Any CPU
		{5216A8ED-19CB-4976-83D7-45243BBE2C31}.Debug|Any CPU.ActiveCfg = Debug|Any CPU
		{5216A8ED-19CB-4976-83D7-45243BBE2C31}.Debug|Any CPU.Build.0 = Debug|Any CPU
		{5216A8ED-19CB-4976-83D7-45243BBE2C31}.Release|Any CPU.ActiveCfg = Release|Any CPU
		{5216A8ED-19CB-4976-83D7-45243BBE2C31}.Release|Any CPU.Build.0 = Release|Any CPU
		{ACAD4F89-8B6F-4ED9-95E8-DB55C66564C7}.Debug|Any CPU.ActiveCfg = Debug|Any CPU
		{ACAD4F89-8B6F-4ED9-95E8-DB55C66564C7}.Debug|Any CPU.Build.0 = Debug|Any CPU
		{ACAD4F89-8B6F-4ED9-95E8-DB55C66564C7}.Release|Any CPU.ActiveCfg = Release|Any CPU
		{ACAD4F89-8B6F-4ED9-95E8-DB55C66564C7}.Release|Any CPU.Build.0 = Release|Any CPU
		{E0281900-BED7-4316-89D4-0935098A7C76}.Debug|Any CPU.ActiveCfg = Debug|Any CPU
		{E0281900-BED7-4316-89D4-0935098A7C76}.Debug|Any CPU.Build.0 = Debug|Any CPU
		{E0281900-BED7-4316-89D4-0935098A7C76}.Release|Any CPU.ActiveCfg = Release|Any CPU
		{E0281900-BED7-4316-89D4-0935098A7C76}.Release|Any CPU.Build.0 = Release|Any CPU
		{94B37527-A6F8-4AF8-8252-8AC2D461C4F1}.Debug|Any CPU.ActiveCfg = Debug|Any CPU
		{94B37527-A6F8-4AF8-8252-8AC2D461C4F1}.Debug|Any CPU.Build.0 = Debug|Any CPU
		{94B37527-A6F8-4AF8-8252-8AC2D461C4F1}.Release|Any CPU.ActiveCfg = Release|Any CPU
		{94B37527-A6F8-4AF8-8252-8AC2D461C4F1}.Release|Any CPU.Build.0 = Release|Any CPU
		{A6B835AF-6AE4-4E43-BF04-D31FD303BE2B}.Debug|Any CPU.ActiveCfg = Debug|Any CPU
		{A6B835AF-6AE4-4E43-BF04-D31FD303BE2B}.Debug|Any CPU.Build.0 = Debug|Any CPU
		{A6B835AF-6AE4-4E43-BF04-D31FD303BE2B}.Release|Any CPU.ActiveCfg = Release|Any CPU
		{A6B835AF-6AE4-4E43-BF04-D31FD303BE2B}.Release|Any CPU.Build.0 = Release|Any CPU
		{47052B51-7475-42CF-AF48-0AD5EB3B5D1E}.Debug|Any CPU.ActiveCfg = Debug|Any CPU
		{47052B51-7475-42CF-AF48-0AD5EB3B5D1E}.Debug|Any CPU.Build.0 = Debug|Any CPU
		{47052B51-7475-42CF-AF48-0AD5EB3B5D1E}.Release|Any CPU.ActiveCfg = Release|Any CPU
		{47052B51-7475-42CF-AF48-0AD5EB3B5D1E}.Release|Any CPU.Build.0 = Release|Any CPU
		{71ECE475-E7B3-424A-8F04-A4AAB040525B}.Debug|Any CPU.ActiveCfg = Debug|Any CPU
		{71ECE475-E7B3-424A-8F04-A4AAB040525B}.Debug|Any CPU.Build.0 = Debug|Any CPU
		{71ECE475-E7B3-424A-8F04-A4AAB040525B}.Release|Any CPU.ActiveCfg = Release|Any CPU
		{71ECE475-E7B3-424A-8F04-A4AAB040525B}.Release|Any CPU.Build.0 = Release|Any CPU
		{291328CF-72DD-4C6E-8EA9-5FFC4DD52D6E}.Debug|Any CPU.ActiveCfg = Debug|Any CPU
		{291328CF-72DD-4C6E-8EA9-5FFC4DD52D6E}.Debug|Any CPU.Build.0 = Debug|Any CPU
		{291328CF-72DD-4C6E-8EA9-5FFC4DD52D6E}.Release|Any CPU.ActiveCfg = Release|Any CPU
		{291328CF-72DD-4C6E-8EA9-5FFC4DD52D6E}.Release|Any CPU.Build.0 = Release|Any CPU
		{46D39230-8043-4BDD-8B2E-6136269FC362}.Debug|Any CPU.ActiveCfg = Debug|Any CPU
		{46D39230-8043-4BDD-8B2E-6136269FC362}.Debug|Any CPU.Build.0 = Debug|Any CPU
		{46D39230-8043-4BDD-8B2E-6136269FC362}.Release|Any CPU.ActiveCfg = Release|Any CPU
		{46D39230-8043-4BDD-8B2E-6136269FC362}.Release|Any CPU.Build.0 = Release|Any CPU
		{D47E4ACC-58BB-4245-BDBC-6ED0DBD45FCD}.Debug|Any CPU.ActiveCfg = Debug|Any CPU
		{D47E4ACC-58BB-4245-BDBC-6ED0DBD45FCD}.Debug|Any CPU.Build.0 = Debug|Any CPU
		{D47E4ACC-58BB-4245-BDBC-6ED0DBD45FCD}.Release|Any CPU.ActiveCfg = Release|Any CPU
		{D47E4ACC-58BB-4245-BDBC-6ED0DBD45FCD}.Release|Any CPU.Build.0 = Release|Any CPU
		{433D73D1-781C-4B12-8345-D46894EB1E20}.Debug|Any CPU.ActiveCfg = Debug|Any CPU
		{433D73D1-781C-4B12-8345-D46894EB1E20}.Debug|Any CPU.Build.0 = Debug|Any CPU
		{433D73D1-781C-4B12-8345-D46894EB1E20}.Release|Any CPU.ActiveCfg = Release|Any CPU
		{433D73D1-781C-4B12-8345-D46894EB1E20}.Release|Any CPU.Build.0 = Release|Any CPU
		{A3A8942C-5376-4A52-A658-5D6FAC414CC9}.Debug|Any CPU.ActiveCfg = Debug|Any CPU
		{A3A8942C-5376-4A52-A658-5D6FAC414CC9}.Debug|Any CPU.Build.0 = Debug|Any CPU
		{A3A8942C-5376-4A52-A658-5D6FAC414CC9}.Release|Any CPU.ActiveCfg = Release|Any CPU
		{A3A8942C-5376-4A52-A658-5D6FAC414CC9}.Release|Any CPU.Build.0 = Release|Any CPU
		{2A0D551A-5690-49D0-AE2F-8E3819631D22}.Debug|Any CPU.ActiveCfg = Debug|Any CPU
		{2A0D551A-5690-49D0-AE2F-8E3819631D22}.Debug|Any CPU.Build.0 = Debug|Any CPU
		{2A0D551A-5690-49D0-AE2F-8E3819631D22}.Release|Any CPU.ActiveCfg = Release|Any CPU
		{2A0D551A-5690-49D0-AE2F-8E3819631D22}.Release|Any CPU.Build.0 = Release|Any CPU
		{A96CD36D-4BAB-40D2-BA26-442030A7F606}.Debug|Any CPU.ActiveCfg = Debug|Any CPU
		{A96CD36D-4BAB-40D2-BA26-442030A7F606}.Debug|Any CPU.Build.0 = Debug|Any CPU
		{A96CD36D-4BAB-40D2-BA26-442030A7F606}.Release|Any CPU.ActiveCfg = Release|Any CPU
		{A96CD36D-4BAB-40D2-BA26-442030A7F606}.Release|Any CPU.Build.0 = Release|Any CPU
		{8513E7FA-654B-4E3B-8880-6A92D8FE04EF}.Debug|Any CPU.ActiveCfg = Debug|Any CPU
		{8513E7FA-654B-4E3B-8880-6A92D8FE04EF}.Debug|Any CPU.Build.0 = Debug|Any CPU
		{8513E7FA-654B-4E3B-8880-6A92D8FE04EF}.Release|Any CPU.ActiveCfg = Release|Any CPU
		{8513E7FA-654B-4E3B-8880-6A92D8FE04EF}.Release|Any CPU.Build.0 = Release|Any CPU
		{CA3ACC30-1543-4FA7-921D-9A7D9513154E}.Debug|Any CPU.ActiveCfg = Debug|Any CPU
		{CA3ACC30-1543-4FA7-921D-9A7D9513154E}.Debug|Any CPU.Build.0 = Debug|Any CPU
		{CA3ACC30-1543-4FA7-921D-9A7D9513154E}.Release|Any CPU.ActiveCfg = Release|Any CPU
		{CA3ACC30-1543-4FA7-921D-9A7D9513154E}.Release|Any CPU.Build.0 = Release|Any CPU
		{A404A182-0929-4699-B8A1-CAC92AAE80ED}.Debug|Any CPU.ActiveCfg = Debug|Any CPU
		{A404A182-0929-4699-B8A1-CAC92AAE80ED}.Debug|Any CPU.Build.0 = Debug|Any CPU
		{A404A182-0929-4699-B8A1-CAC92AAE80ED}.Release|Any CPU.ActiveCfg = Release|Any CPU
		{A404A182-0929-4699-B8A1-CAC92AAE80ED}.Release|Any CPU.Build.0 = Release|Any CPU
		{B25ABFD2-8845-4F7B-B9BB-85A7449EA869}.Debug|Any CPU.ActiveCfg = Debug|Any CPU
		{B25ABFD2-8845-4F7B-B9BB-85A7449EA869}.Debug|Any CPU.Build.0 = Debug|Any CPU
		{B25ABFD2-8845-4F7B-B9BB-85A7449EA869}.Release|Any CPU.ActiveCfg = Release|Any CPU
		{B25ABFD2-8845-4F7B-B9BB-85A7449EA869}.Release|Any CPU.Build.0 = Release|Any CPU
		{438BB8A0-6B52-4FBF-BAC9-31C4C02C7D60}.Debug|Any CPU.ActiveCfg = Debug|Any CPU
		{438BB8A0-6B52-4FBF-BAC9-31C4C02C7D60}.Debug|Any CPU.Build.0 = Debug|Any CPU
		{438BB8A0-6B52-4FBF-BAC9-31C4C02C7D60}.Release|Any CPU.ActiveCfg = Release|Any CPU
		{438BB8A0-6B52-4FBF-BAC9-31C4C02C7D60}.Release|Any CPU.Build.0 = Release|Any CPU
		{03A58DE7-1EA2-433C-ABD5-D231436F1870}.Debug|Any CPU.ActiveCfg = Debug|Any CPU
		{03A58DE7-1EA2-433C-ABD5-D231436F1870}.Debug|Any CPU.Build.0 = Debug|Any CPU
		{03A58DE7-1EA2-433C-ABD5-D231436F1870}.Release|Any CPU.ActiveCfg = Release|Any CPU
		{03A58DE7-1EA2-433C-ABD5-D231436F1870}.Release|Any CPU.Build.0 = Release|Any CPU
		{1747640D-22B2-48D5-B567-48F29A422E5E}.Debug|Any CPU.ActiveCfg = Debug|Any CPU
		{1747640D-22B2-48D5-B567-48F29A422E5E}.Debug|Any CPU.Build.0 = Debug|Any CPU
		{1747640D-22B2-48D5-B567-48F29A422E5E}.Release|Any CPU.ActiveCfg = Release|Any CPU
		{1747640D-22B2-48D5-B567-48F29A422E5E}.Release|Any CPU.Build.0 = Release|Any CPU
		{484B78D9-54E7-4A9E-BC11-94F583186390}.Debug|Any CPU.ActiveCfg = Debug|Any CPU
		{484B78D9-54E7-4A9E-BC11-94F583186390}.Debug|Any CPU.Build.0 = Debug|Any CPU
		{484B78D9-54E7-4A9E-BC11-94F583186390}.Release|Any CPU.ActiveCfg = Release|Any CPU
		{484B78D9-54E7-4A9E-BC11-94F583186390}.Release|Any CPU.Build.0 = Release|Any CPU
		{1711D050-27A4-4C7C-B8E3-8E53F9FD5963}.Debug|Any CPU.ActiveCfg = Debug|Any CPU
		{1711D050-27A4-4C7C-B8E3-8E53F9FD5963}.Debug|Any CPU.Build.0 = Debug|Any CPU
		{1711D050-27A4-4C7C-B8E3-8E53F9FD5963}.Release|Any CPU.ActiveCfg = Release|Any CPU
		{1711D050-27A4-4C7C-B8E3-8E53F9FD5963}.Release|Any CPU.Build.0 = Release|Any CPU
		{A7ED1CC0-2DCE-42F3-8BA6-B6706F27840A}.Debug|Any CPU.ActiveCfg = Debug|Any CPU
		{A7ED1CC0-2DCE-42F3-8BA6-B6706F27840A}.Debug|Any CPU.Build.0 = Debug|Any CPU
		{A7ED1CC0-2DCE-42F3-8BA6-B6706F27840A}.Release|Any CPU.ActiveCfg = Release|Any CPU
		{A7ED1CC0-2DCE-42F3-8BA6-B6706F27840A}.Release|Any CPU.Build.0 = Release|Any CPU
		{89D21768-4039-4117-92C7-AE38AD8325DC}.Debug|Any CPU.ActiveCfg = Debug|Any CPU
		{89D21768-4039-4117-92C7-AE38AD8325DC}.Debug|Any CPU.Build.0 = Debug|Any CPU
		{89D21768-4039-4117-92C7-AE38AD8325DC}.Release|Any CPU.ActiveCfg = Release|Any CPU
		{89D21768-4039-4117-92C7-AE38AD8325DC}.Release|Any CPU.Build.0 = Release|Any CPU
		{17D9B22B-2557-4370-A951-CF7BC37C2AE6}.Debug|Any CPU.ActiveCfg = Debug|Any CPU
		{17D9B22B-2557-4370-A951-CF7BC37C2AE6}.Debug|Any CPU.Build.0 = Debug|Any CPU
		{17D9B22B-2557-4370-A951-CF7BC37C2AE6}.Release|Any CPU.ActiveCfg = Release|Any CPU
		{17D9B22B-2557-4370-A951-CF7BC37C2AE6}.Release|Any CPU.Build.0 = Release|Any CPU
		{4A30EAF1-5E3B-467F-B6AB-1589BE8CB599}.Debug|Any CPU.ActiveCfg = Debug|Any CPU
		{4A30EAF1-5E3B-467F-B6AB-1589BE8CB599}.Debug|Any CPU.Build.0 = Debug|Any CPU
		{4A30EAF1-5E3B-467F-B6AB-1589BE8CB599}.Release|Any CPU.ActiveCfg = Release|Any CPU
		{4A30EAF1-5E3B-467F-B6AB-1589BE8CB599}.Release|Any CPU.Build.0 = Release|Any CPU
		{AF475294-6546-4B3E-87CB-D45DDD89AD77}.Debug|Any CPU.ActiveCfg = Debug|Any CPU
		{AF475294-6546-4B3E-87CB-D45DDD89AD77}.Debug|Any CPU.Build.0 = Debug|Any CPU
		{AF475294-6546-4B3E-87CB-D45DDD89AD77}.Release|Any CPU.ActiveCfg = Release|Any CPU
		{AF475294-6546-4B3E-87CB-D45DDD89AD77}.Release|Any CPU.Build.0 = Release|Any CPU
		{A6321733-4311-4649-A124-CB3B513A782D}.Debug|Any CPU.ActiveCfg = Debug|Any CPU
		{A6321733-4311-4649-A124-CB3B513A782D}.Debug|Any CPU.Build.0 = Debug|Any CPU
		{A6321733-4311-4649-A124-CB3B513A782D}.Release|Any CPU.ActiveCfg = Release|Any CPU
		{A6321733-4311-4649-A124-CB3B513A782D}.Release|Any CPU.Build.0 = Release|Any CPU
		{0D7E5A88-B804-4F8D-9623-B6A6573D7FDD}.Debug|Any CPU.ActiveCfg = Debug|Any CPU
		{0D7E5A88-B804-4F8D-9623-B6A6573D7FDD}.Debug|Any CPU.Build.0 = Debug|Any CPU
		{0D7E5A88-B804-4F8D-9623-B6A6573D7FDD}.Release|Any CPU.ActiveCfg = Release|Any CPU
		{0D7E5A88-B804-4F8D-9623-B6A6573D7FDD}.Release|Any CPU.Build.0 = Release|Any CPU
		{2C4CB9C0-9879-4CDA-89E3-2418025D57AC}.Debug|Any CPU.ActiveCfg = Debug|Any CPU
		{2C4CB9C0-9879-4CDA-89E3-2418025D57AC}.Debug|Any CPU.Build.0 = Debug|Any CPU
		{2C4CB9C0-9879-4CDA-89E3-2418025D57AC}.Release|Any CPU.ActiveCfg = Release|Any CPU
		{2C4CB9C0-9879-4CDA-89E3-2418025D57AC}.Release|Any CPU.Build.0 = Release|Any CPU
		{F13B40A8-C29B-486A-A9CC-6257A490817E}.Debug|Any CPU.ActiveCfg = Debug|Any CPU
		{F13B40A8-C29B-486A-A9CC-6257A490817E}.Debug|Any CPU.Build.0 = Debug|Any CPU
		{F13B40A8-C29B-486A-A9CC-6257A490817E}.Release|Any CPU.ActiveCfg = Release|Any CPU
		{F13B40A8-C29B-486A-A9CC-6257A490817E}.Release|Any CPU.Build.0 = Release|Any CPU
		{25DA9C05-3A8A-4477-B7DF-877C4C751751}.Debug|Any CPU.ActiveCfg = Debug|Any CPU
		{25DA9C05-3A8A-4477-B7DF-877C4C751751}.Debug|Any CPU.Build.0 = Debug|Any CPU
		{25DA9C05-3A8A-4477-B7DF-877C4C751751}.Release|Any CPU.ActiveCfg = Release|Any CPU
		{25DA9C05-3A8A-4477-B7DF-877C4C751751}.Release|Any CPU.Build.0 = Release|Any CPU
		{2093B727-098B-407B-B5C3-75C94ADEDCF2}.Debug|Any CPU.ActiveCfg = Debug|Any CPU
		{2093B727-098B-407B-B5C3-75C94ADEDCF2}.Debug|Any CPU.Build.0 = Debug|Any CPU
		{2093B727-098B-407B-B5C3-75C94ADEDCF2}.Release|Any CPU.ActiveCfg = Release|Any CPU
		{2093B727-098B-407B-B5C3-75C94ADEDCF2}.Release|Any CPU.Build.0 = Release|Any CPU
		{AC6F52E0-1843-4787-B30E-D89461C59034}.Debug|Any CPU.ActiveCfg = Debug|Any CPU
		{AC6F52E0-1843-4787-B30E-D89461C59034}.Debug|Any CPU.Build.0 = Debug|Any CPU
		{AC6F52E0-1843-4787-B30E-D89461C59034}.Release|Any CPU.ActiveCfg = Release|Any CPU
		{AC6F52E0-1843-4787-B30E-D89461C59034}.Release|Any CPU.Build.0 = Release|Any CPU
		{78259925-5937-4281-A041-78DB57BF304B}.Debug|Any CPU.ActiveCfg = Debug|Any CPU
		{78259925-5937-4281-A041-78DB57BF304B}.Debug|Any CPU.Build.0 = Debug|Any CPU
		{78259925-5937-4281-A041-78DB57BF304B}.Release|Any CPU.ActiveCfg = Release|Any CPU
		{78259925-5937-4281-A041-78DB57BF304B}.Release|Any CPU.Build.0 = Release|Any CPU
		{4CDB8C27-4F45-41A5-A9C5-F01FBC83DF17}.Debug|Any CPU.ActiveCfg = Debug|Any CPU
		{4CDB8C27-4F45-41A5-A9C5-F01FBC83DF17}.Debug|Any CPU.Build.0 = Debug|Any CPU
		{4CDB8C27-4F45-41A5-A9C5-F01FBC83DF17}.Release|Any CPU.ActiveCfg = Release|Any CPU
		{4CDB8C27-4F45-41A5-A9C5-F01FBC83DF17}.Release|Any CPU.Build.0 = Release|Any CPU
		{E8AE6645-669A-499A-9E78-A13D271C0D09}.Debug|Any CPU.ActiveCfg = Debug|Any CPU
		{E8AE6645-669A-499A-9E78-A13D271C0D09}.Debug|Any CPU.Build.0 = Debug|Any CPU
		{E8AE6645-669A-499A-9E78-A13D271C0D09}.Release|Any CPU.ActiveCfg = Release|Any CPU
		{E8AE6645-669A-499A-9E78-A13D271C0D09}.Release|Any CPU.Build.0 = Release|Any CPU
		{6D4BADB6-C651-4581-9785-B738C6ECCBAE}.Debug|Any CPU.ActiveCfg = Debug|Any CPU
		{6D4BADB6-C651-4581-9785-B738C6ECCBAE}.Debug|Any CPU.Build.0 = Debug|Any CPU
		{6D4BADB6-C651-4581-9785-B738C6ECCBAE}.Release|Any CPU.ActiveCfg = Release|Any CPU
		{6D4BADB6-C651-4581-9785-B738C6ECCBAE}.Release|Any CPU.Build.0 = Release|Any CPU
		{FC12F8B0-79E1-4E46-9065-5AC8485CE9FC}.Debug|Any CPU.ActiveCfg = Debug|Any CPU
		{FC12F8B0-79E1-4E46-9065-5AC8485CE9FC}.Debug|Any CPU.Build.0 = Debug|Any CPU
		{FC12F8B0-79E1-4E46-9065-5AC8485CE9FC}.Release|Any CPU.ActiveCfg = Release|Any CPU
		{FC12F8B0-79E1-4E46-9065-5AC8485CE9FC}.Release|Any CPU.Build.0 = Release|Any CPU
		{45CC1746-AD31-46F2-A8AF-A5E2BBBD4922}.Debug|Any CPU.ActiveCfg = Debug|Any CPU
		{45CC1746-AD31-46F2-A8AF-A5E2BBBD4922}.Debug|Any CPU.Build.0 = Debug|Any CPU
		{45CC1746-AD31-46F2-A8AF-A5E2BBBD4922}.Release|Any CPU.ActiveCfg = Release|Any CPU
		{45CC1746-AD31-46F2-A8AF-A5E2BBBD4922}.Release|Any CPU.Build.0 = Release|Any CPU
		{34729956-4E58-4B6C-B642-AC810A68328F}.Debug|Any CPU.ActiveCfg = Debug|Any CPU
		{34729956-4E58-4B6C-B642-AC810A68328F}.Debug|Any CPU.Build.0 = Debug|Any CPU
		{34729956-4E58-4B6C-B642-AC810A68328F}.Release|Any CPU.ActiveCfg = Release|Any CPU
		{34729956-4E58-4B6C-B642-AC810A68328F}.Release|Any CPU.Build.0 = Release|Any CPU
		{251E6FF4-E00F-413E-833F-2509E74DB6BE}.Debug|Any CPU.ActiveCfg = Debug|Any CPU
		{251E6FF4-E00F-413E-833F-2509E74DB6BE}.Debug|Any CPU.Build.0 = Debug|Any CPU
		{251E6FF4-E00F-413E-833F-2509E74DB6BE}.Release|Any CPU.ActiveCfg = Release|Any CPU
		{251E6FF4-E00F-413E-833F-2509E74DB6BE}.Release|Any CPU.Build.0 = Release|Any CPU
		{609933AE-3D30-4536-A70C-B195B2821830}.Debug|Any CPU.ActiveCfg = Debug|Any CPU
		{609933AE-3D30-4536-A70C-B195B2821830}.Debug|Any CPU.Build.0 = Debug|Any CPU
		{609933AE-3D30-4536-A70C-B195B2821830}.Release|Any CPU.ActiveCfg = Release|Any CPU
		{609933AE-3D30-4536-A70C-B195B2821830}.Release|Any CPU.Build.0 = Release|Any CPU
		{B142CF42-E8FB-4C8B-BC86-2B39689DC989}.Debug|Any CPU.ActiveCfg = Debug|Any CPU
		{B142CF42-E8FB-4C8B-BC86-2B39689DC989}.Debug|Any CPU.Build.0 = Debug|Any CPU
		{B142CF42-E8FB-4C8B-BC86-2B39689DC989}.Release|Any CPU.ActiveCfg = Release|Any CPU
		{B142CF42-E8FB-4C8B-BC86-2B39689DC989}.Release|Any CPU.Build.0 = Release|Any CPU
		{66159724-0E0A-4957-960F-53FC5721A881}.Debug|Any CPU.ActiveCfg = Debug|Any CPU
		{66159724-0E0A-4957-960F-53FC5721A881}.Debug|Any CPU.Build.0 = Debug|Any CPU
		{66159724-0E0A-4957-960F-53FC5721A881}.Release|Any CPU.ActiveCfg = Release|Any CPU
		{66159724-0E0A-4957-960F-53FC5721A881}.Release|Any CPU.Build.0 = Release|Any CPU
		{65DC9C43-9220-4DCF-A427-787720888356}.Debug|Any CPU.ActiveCfg = Debug|Any CPU
		{65DC9C43-9220-4DCF-A427-787720888356}.Debug|Any CPU.Build.0 = Debug|Any CPU
		{65DC9C43-9220-4DCF-A427-787720888356}.Release|Any CPU.ActiveCfg = Release|Any CPU
		{65DC9C43-9220-4DCF-A427-787720888356}.Release|Any CPU.Build.0 = Release|Any CPU
		{AC8939A1-03A7-4448-AF84-956749EB619A}.Debug|Any CPU.ActiveCfg = Debug|Any CPU
		{AC8939A1-03A7-4448-AF84-956749EB619A}.Debug|Any CPU.Build.0 = Debug|Any CPU
		{AC8939A1-03A7-4448-AF84-956749EB619A}.Release|Any CPU.ActiveCfg = Release|Any CPU
		{AC8939A1-03A7-4448-AF84-956749EB619A}.Release|Any CPU.Build.0 = Release|Any CPU
		{E8D6C8CD-E7EB-41BA-A9AB-2C389C5FAB5A}.Debug|Any CPU.ActiveCfg = Debug|Any CPU
		{E8D6C8CD-E7EB-41BA-A9AB-2C389C5FAB5A}.Debug|Any CPU.Build.0 = Debug|Any CPU
		{E8D6C8CD-E7EB-41BA-A9AB-2C389C5FAB5A}.Release|Any CPU.ActiveCfg = Release|Any CPU
		{E8D6C8CD-E7EB-41BA-A9AB-2C389C5FAB5A}.Release|Any CPU.Build.0 = Release|Any CPU
		{D25A6022-DFB9-43FE-9733-8A5EFF0CCA46}.Debug|Any CPU.ActiveCfg = Debug|Any CPU
		{D25A6022-DFB9-43FE-9733-8A5EFF0CCA46}.Debug|Any CPU.Build.0 = Debug|Any CPU
		{D25A6022-DFB9-43FE-9733-8A5EFF0CCA46}.Release|Any CPU.ActiveCfg = Release|Any CPU
		{D25A6022-DFB9-43FE-9733-8A5EFF0CCA46}.Release|Any CPU.Build.0 = Release|Any CPU
		{1FFDB687-D9F2-4802-BB6E-90255EF97FF3}.Debug|Any CPU.ActiveCfg = Debug|Any CPU
		{1FFDB687-D9F2-4802-BB6E-90255EF97FF3}.Debug|Any CPU.Build.0 = Debug|Any CPU
		{1FFDB687-D9F2-4802-BB6E-90255EF97FF3}.Release|Any CPU.ActiveCfg = Release|Any CPU
		{1FFDB687-D9F2-4802-BB6E-90255EF97FF3}.Release|Any CPU.Build.0 = Release|Any CPU
		{07C34B64-92EC-4D57-9289-0251F33AF80B}.Debug|Any CPU.ActiveCfg = Debug|Any CPU
		{07C34B64-92EC-4D57-9289-0251F33AF80B}.Debug|Any CPU.Build.0 = Debug|Any CPU
		{07C34B64-92EC-4D57-9289-0251F33AF80B}.Release|Any CPU.ActiveCfg = Release|Any CPU
		{07C34B64-92EC-4D57-9289-0251F33AF80B}.Release|Any CPU.Build.0 = Release|Any CPU
		{B6D43917-1BC8-4CD3-9887-A547EF95AA01}.Debug|Any CPU.ActiveCfg = Debug|Any CPU
		{B6D43917-1BC8-4CD3-9887-A547EF95AA01}.Debug|Any CPU.Build.0 = Debug|Any CPU
		{B6D43917-1BC8-4CD3-9887-A547EF95AA01}.Release|Any CPU.ActiveCfg = Release|Any CPU
		{B6D43917-1BC8-4CD3-9887-A547EF95AA01}.Release|Any CPU.Build.0 = Release|Any CPU
		{88AC4971-5957-4AB9-A59F-8D14821C57CB}.Debug|Any CPU.ActiveCfg = Debug|Any CPU
		{88AC4971-5957-4AB9-A59F-8D14821C57CB}.Debug|Any CPU.Build.0 = Debug|Any CPU
		{88AC4971-5957-4AB9-A59F-8D14821C57CB}.Release|Any CPU.ActiveCfg = Release|Any CPU
		{88AC4971-5957-4AB9-A59F-8D14821C57CB}.Release|Any CPU.Build.0 = Release|Any CPU
		{3F12AB04-E34F-4A14-A62D-80544B43D33D}.Debug|Any CPU.ActiveCfg = Debug|Any CPU
		{3F12AB04-E34F-4A14-A62D-80544B43D33D}.Debug|Any CPU.Build.0 = Debug|Any CPU
		{3F12AB04-E34F-4A14-A62D-80544B43D33D}.Release|Any CPU.ActiveCfg = Release|Any CPU
		{3F12AB04-E34F-4A14-A62D-80544B43D33D}.Release|Any CPU.Build.0 = Release|Any CPU
		{12B505A5-D149-4306-8F6B-EE302898E2BC}.Debug|Any CPU.ActiveCfg = Debug|Any CPU
		{12B505A5-D149-4306-8F6B-EE302898E2BC}.Debug|Any CPU.Build.0 = Debug|Any CPU
		{12B505A5-D149-4306-8F6B-EE302898E2BC}.Release|Any CPU.ActiveCfg = Release|Any CPU
		{12B505A5-D149-4306-8F6B-EE302898E2BC}.Release|Any CPU.Build.0 = Release|Any CPU
		{0613AD20-1868-4B11-A95F-4B5C542FF617}.Debug|Any CPU.ActiveCfg = Debug|Any CPU
		{0613AD20-1868-4B11-A95F-4B5C542FF617}.Debug|Any CPU.Build.0 = Debug|Any CPU
		{0613AD20-1868-4B11-A95F-4B5C542FF617}.Release|Any CPU.ActiveCfg = Release|Any CPU
		{0613AD20-1868-4B11-A95F-4B5C542FF617}.Release|Any CPU.Build.0 = Release|Any CPU
		{FEB2E269-9F29-4D7E-B85C-115F0C138CEC}.Debug|Any CPU.ActiveCfg = Debug|Any CPU
		{FEB2E269-9F29-4D7E-B85C-115F0C138CEC}.Debug|Any CPU.Build.0 = Debug|Any CPU
		{FEB2E269-9F29-4D7E-B85C-115F0C138CEC}.Release|Any CPU.ActiveCfg = Release|Any CPU
		{FEB2E269-9F29-4D7E-B85C-115F0C138CEC}.Release|Any CPU.Build.0 = Release|Any CPU
		{A46D740F-D230-4D5B-B02A-50F0387A850F}.Debug|Any CPU.ActiveCfg = Debug|Any CPU
		{A46D740F-D230-4D5B-B02A-50F0387A850F}.Debug|Any CPU.Build.0 = Debug|Any CPU
		{A46D740F-D230-4D5B-B02A-50F0387A850F}.Release|Any CPU.ActiveCfg = Release|Any CPU
		{A46D740F-D230-4D5B-B02A-50F0387A850F}.Release|Any CPU.Build.0 = Release|Any CPU
		{C735C60C-AF1A-425A-AE3B-13C9AF112EDC}.Debug|Any CPU.ActiveCfg = Debug|Any CPU
		{C735C60C-AF1A-425A-AE3B-13C9AF112EDC}.Debug|Any CPU.Build.0 = Debug|Any CPU
		{C735C60C-AF1A-425A-AE3B-13C9AF112EDC}.Release|Any CPU.ActiveCfg = Release|Any CPU
		{C735C60C-AF1A-425A-AE3B-13C9AF112EDC}.Release|Any CPU.Build.0 = Release|Any CPU
		{17836CED-3039-47ED-AEEF-23F4925004F4}.Debug|Any CPU.ActiveCfg = Debug|Any CPU
		{17836CED-3039-47ED-AEEF-23F4925004F4}.Debug|Any CPU.Build.0 = Debug|Any CPU
		{17836CED-3039-47ED-AEEF-23F4925004F4}.Release|Any CPU.ActiveCfg = Release|Any CPU
		{17836CED-3039-47ED-AEEF-23F4925004F4}.Release|Any CPU.Build.0 = Release|Any CPU
		{FCCAFF82-93C1-4699-B9C8-B4A870323AAA}.Debug|Any CPU.ActiveCfg = Debug|Any CPU
		{FCCAFF82-93C1-4699-B9C8-B4A870323AAA}.Debug|Any CPU.Build.0 = Debug|Any CPU
		{FCCAFF82-93C1-4699-B9C8-B4A870323AAA}.Release|Any CPU.ActiveCfg = Release|Any CPU
		{FCCAFF82-93C1-4699-B9C8-B4A870323AAA}.Release|Any CPU.Build.0 = Release|Any CPU
		{F2B00CB2-0903-4494-885D-7B41C5AA169C}.Debug|Any CPU.ActiveCfg = Debug|Any CPU
		{F2B00CB2-0903-4494-885D-7B41C5AA169C}.Debug|Any CPU.Build.0 = Debug|Any CPU
		{F2B00CB2-0903-4494-885D-7B41C5AA169C}.Release|Any CPU.ActiveCfg = Release|Any CPU
		{F2B00CB2-0903-4494-885D-7B41C5AA169C}.Release|Any CPU.Build.0 = Release|Any CPU
		{AA1DFDEA-5E17-4561-ACA6-856D78488C7C}.Debug|Any CPU.ActiveCfg = Debug|Any CPU
		{AA1DFDEA-5E17-4561-ACA6-856D78488C7C}.Debug|Any CPU.Build.0 = Debug|Any CPU
		{AA1DFDEA-5E17-4561-ACA6-856D78488C7C}.Release|Any CPU.ActiveCfg = Release|Any CPU
		{AA1DFDEA-5E17-4561-ACA6-856D78488C7C}.Release|Any CPU.Build.0 = Release|Any CPU
		{89D7C872-869C-4D06-BCAC-B165DA6355DA}.Debug|Any CPU.ActiveCfg = Debug|Any CPU
		{89D7C872-869C-4D06-BCAC-B165DA6355DA}.Debug|Any CPU.Build.0 = Debug|Any CPU
		{89D7C872-869C-4D06-BCAC-B165DA6355DA}.Release|Any CPU.ActiveCfg = Release|Any CPU
		{89D7C872-869C-4D06-BCAC-B165DA6355DA}.Release|Any CPU.Build.0 = Release|Any CPU
		{90471CBB-6A95-4FB2-BD5D-1BCA25761621}.Debug|Any CPU.ActiveCfg = Debug|Any CPU
		{90471CBB-6A95-4FB2-BD5D-1BCA25761621}.Debug|Any CPU.Build.0 = Debug|Any CPU
		{90471CBB-6A95-4FB2-BD5D-1BCA25761621}.Release|Any CPU.ActiveCfg = Release|Any CPU
		{90471CBB-6A95-4FB2-BD5D-1BCA25761621}.Release|Any CPU.Build.0 = Release|Any CPU
		{817540FA-BB5F-4ECB-A700-A2E7F30BA33D}.Debug|Any CPU.ActiveCfg = Debug|Any CPU
		{817540FA-BB5F-4ECB-A700-A2E7F30BA33D}.Debug|Any CPU.Build.0 = Debug|Any CPU
		{817540FA-BB5F-4ECB-A700-A2E7F30BA33D}.Release|Any CPU.ActiveCfg = Release|Any CPU
		{817540FA-BB5F-4ECB-A700-A2E7F30BA33D}.Release|Any CPU.Build.0 = Release|Any CPU
		{F12AA56B-FD3C-400E-85BC-618F81015FDD}.Debug|Any CPU.ActiveCfg = Debug|Any CPU
		{F12AA56B-FD3C-400E-85BC-618F81015FDD}.Debug|Any CPU.Build.0 = Debug|Any CPU
		{F12AA56B-FD3C-400E-85BC-618F81015FDD}.Release|Any CPU.ActiveCfg = Release|Any CPU
		{F12AA56B-FD3C-400E-85BC-618F81015FDD}.Release|Any CPU.Build.0 = Release|Any CPU
		{345AFEC9-7D64-48FC-AC33-88368F8C15C0}.Debug|Any CPU.ActiveCfg = Debug|Any CPU
		{345AFEC9-7D64-48FC-AC33-88368F8C15C0}.Debug|Any CPU.Build.0 = Debug|Any CPU
		{345AFEC9-7D64-48FC-AC33-88368F8C15C0}.Release|Any CPU.ActiveCfg = Release|Any CPU
		{345AFEC9-7D64-48FC-AC33-88368F8C15C0}.Release|Any CPU.Build.0 = Release|Any CPU
		{49FEAA82-F647-4DC0-A2E2-7EDB7A105E40}.Debug|Any CPU.ActiveCfg = Debug|Any CPU
		{49FEAA82-F647-4DC0-A2E2-7EDB7A105E40}.Debug|Any CPU.Build.0 = Debug|Any CPU
		{49FEAA82-F647-4DC0-A2E2-7EDB7A105E40}.Release|Any CPU.ActiveCfg = Release|Any CPU
		{49FEAA82-F647-4DC0-A2E2-7EDB7A105E40}.Release|Any CPU.Build.0 = Release|Any CPU
		{23041807-7A9F-4395-98C1-B711E42DF39B}.Debug|Any CPU.ActiveCfg = Debug|Any CPU
		{23041807-7A9F-4395-98C1-B711E42DF39B}.Debug|Any CPU.Build.0 = Debug|Any CPU
		{23041807-7A9F-4395-98C1-B711E42DF39B}.Release|Any CPU.ActiveCfg = Release|Any CPU
		{23041807-7A9F-4395-98C1-B711E42DF39B}.Release|Any CPU.Build.0 = Release|Any CPU
		{6AE0CA5F-B8A4-48D3-8D9A-9AFB6CEC8F64}.Debug|Any CPU.ActiveCfg = Debug|Any CPU
		{6AE0CA5F-B8A4-48D3-8D9A-9AFB6CEC8F64}.Debug|Any CPU.Build.0 = Debug|Any CPU
		{6AE0CA5F-B8A4-48D3-8D9A-9AFB6CEC8F64}.Release|Any CPU.ActiveCfg = Release|Any CPU
		{6AE0CA5F-B8A4-48D3-8D9A-9AFB6CEC8F64}.Release|Any CPU.Build.0 = Release|Any CPU
		{83F496FD-1512-4380-933E-FD0CFB7791AA}.Debug|Any CPU.ActiveCfg = Debug|Any CPU
		{83F496FD-1512-4380-933E-FD0CFB7791AA}.Debug|Any CPU.Build.0 = Debug|Any CPU
		{83F496FD-1512-4380-933E-FD0CFB7791AA}.Release|Any CPU.ActiveCfg = Release|Any CPU
		{83F496FD-1512-4380-933E-FD0CFB7791AA}.Release|Any CPU.Build.0 = Release|Any CPU
		{A89A3556-4F8D-4889-9920-3D7A0898A882}.Debug|Any CPU.ActiveCfg = Debug|Any CPU
		{A89A3556-4F8D-4889-9920-3D7A0898A882}.Debug|Any CPU.Build.0 = Debug|Any CPU
		{A89A3556-4F8D-4889-9920-3D7A0898A882}.Release|Any CPU.ActiveCfg = Release|Any CPU
		{A89A3556-4F8D-4889-9920-3D7A0898A882}.Release|Any CPU.Build.0 = Release|Any CPU
		{541F23CD-09EA-47FC-B462-768680A93073}.Debug|Any CPU.ActiveCfg = Debug|Any CPU
		{541F23CD-09EA-47FC-B462-768680A93073}.Debug|Any CPU.Build.0 = Debug|Any CPU
		{541F23CD-09EA-47FC-B462-768680A93073}.Release|Any CPU.ActiveCfg = Release|Any CPU
		{541F23CD-09EA-47FC-B462-768680A93073}.Release|Any CPU.Build.0 = Release|Any CPU
		{CCB5865B-788A-4B54-A505-8701B69E78A4}.Debug|Any CPU.ActiveCfg = Debug|Any CPU
		{CCB5865B-788A-4B54-A505-8701B69E78A4}.Debug|Any CPU.Build.0 = Debug|Any CPU
		{CCB5865B-788A-4B54-A505-8701B69E78A4}.Release|Any CPU.ActiveCfg = Release|Any CPU
		{CCB5865B-788A-4B54-A505-8701B69E78A4}.Release|Any CPU.Build.0 = Release|Any CPU
		{48B85283-3045-4A86-99A8-65C9919B0715}.Debug|Any CPU.ActiveCfg = Debug|Any CPU
		{48B85283-3045-4A86-99A8-65C9919B0715}.Debug|Any CPU.Build.0 = Debug|Any CPU
		{48B85283-3045-4A86-99A8-65C9919B0715}.Release|Any CPU.ActiveCfg = Release|Any CPU
		{48B85283-3045-4A86-99A8-65C9919B0715}.Release|Any CPU.Build.0 = Release|Any CPU
		{A255D88A-D362-4634-A318-C3FFC99AD9D2}.Debug|Any CPU.ActiveCfg = Debug|Any CPU
		{A255D88A-D362-4634-A318-C3FFC99AD9D2}.Debug|Any CPU.Build.0 = Debug|Any CPU
		{A255D88A-D362-4634-A318-C3FFC99AD9D2}.Release|Any CPU.ActiveCfg = Release|Any CPU
		{A255D88A-D362-4634-A318-C3FFC99AD9D2}.Release|Any CPU.Build.0 = Release|Any CPU
		{C0C9162C-553E-431C-85C6-17A39849125C}.Debug|Any CPU.ActiveCfg = Debug|Any CPU
		{C0C9162C-553E-431C-85C6-17A39849125C}.Debug|Any CPU.Build.0 = Debug|Any CPU
		{C0C9162C-553E-431C-85C6-17A39849125C}.Release|Any CPU.ActiveCfg = Release|Any CPU
		{C0C9162C-553E-431C-85C6-17A39849125C}.Release|Any CPU.Build.0 = Release|Any CPU
		{F5FF9632-88FE-4B3A-8C92-EA49B6C036F1}.Debug|Any CPU.ActiveCfg = Debug|Any CPU
		{F5FF9632-88FE-4B3A-8C92-EA49B6C036F1}.Debug|Any CPU.Build.0 = Debug|Any CPU
		{F5FF9632-88FE-4B3A-8C92-EA49B6C036F1}.Release|Any CPU.ActiveCfg = Release|Any CPU
		{F5FF9632-88FE-4B3A-8C92-EA49B6C036F1}.Release|Any CPU.Build.0 = Release|Any CPU
		{C4C88488-D4A9-4D99-9BB4-C3B06A2A6EAA}.Debug|Any CPU.ActiveCfg = Debug|Any CPU
		{C4C88488-D4A9-4D99-9BB4-C3B06A2A6EAA}.Debug|Any CPU.Build.0 = Debug|Any CPU
		{C4C88488-D4A9-4D99-9BB4-C3B06A2A6EAA}.Release|Any CPU.ActiveCfg = Release|Any CPU
		{C4C88488-D4A9-4D99-9BB4-C3B06A2A6EAA}.Release|Any CPU.Build.0 = Release|Any CPU
		{1510F9A7-7090-43B4-BE3D-E25599538CE5}.Debug|Any CPU.ActiveCfg = Debug|Any CPU
		{1510F9A7-7090-43B4-BE3D-E25599538CE5}.Debug|Any CPU.Build.0 = Debug|Any CPU
		{1510F9A7-7090-43B4-BE3D-E25599538CE5}.Release|Any CPU.ActiveCfg = Release|Any CPU
		{1510F9A7-7090-43B4-BE3D-E25599538CE5}.Release|Any CPU.Build.0 = Release|Any CPU
	EndGlobalSection
	GlobalSection(SolutionProperties) = preSolution
		HideSolutionNode = FALSE
	EndGlobalSection
	GlobalSection(ExtensibilityGlobals) = postSolution
		SolutionGuid = {370B6E9D-0A8C-4C0C-BF69-8A834454E048}
	EndGlobalSection
EndGlobal
