
Microsoft Visual Studio Solution File, Format Version 12.00
# Visual Studio Version 17
VisualStudioVersion = 17.14.36109.1
MinimumVisualStudioVersion = 10.0.40219.1
Project("{FAE04EC0-301F-11D3-BF4B-00C04F79EFBC}") = "Two_Sum", "Two_Sum\Two_Sum.csproj", "{D618F759-7770-4AA1-A2E9-39EA05B48073}"
EndProject
Project("{FAE04EC0-301F-11D3-BF4B-00C04F79EFBC}") = "Palindrome", "Palindrome\Palindrome.csproj", "{A81640A1-6EC3-4AA2-B3B8-EE03EDCE105F}"
EndProject
Project("{FAE04EC0-301F-11D3-BF4B-00C04F79EFBC}") = "RomanToInteger", "RomanToInteger\RomanToInteger.csproj", "{093B1465-0C9D-4F6C-833E-158AC76BCDEB}"
EndProject
Project("{FAE04EC0-301F-11D3-BF4B-00C04F79EFBC}") = "MergeTwoSortedLists", "MergeTwoSortedLists\MergeTwoSortedLists.csproj", "{65EDF8D9-4912-48F1-AD6E-9CED1D99EB09}"
EndProject
Project("{FAE04EC0-301F-11D3-BF4B-00C04F79EFBC}") = "DifferenceOfTwoSums", "DifferenceOfTwoSums\DifferenceOfTwoSums.csproj", "{717D1F51-B4F3-45FD-84CD-B768BABA7273}"
EndProject
Project("{FAE04EC0-301F-11D3-BF4B-00C04F79EFBC}") = "RemoveDuplicates", "RemoveDuplicates\RemoveDuplicates.csproj", "{4AA05970-0ABB-4CB3-9234-76132F540A11}"
EndProject
Project("{FAE04EC0-301F-11D3-BF4B-00C04F79EFBC}") = "LongestCommonPrefix", "LongestCommonPrefix\LongestCommonPrefix.csproj", "{25D4ED66-496E-4C76-8849-07C53E85F120}"
EndProject
Project("{FAE04EC0-301F-11D3-BF4B-00C04F79EFBC}") = "ValidParentheses", "ValidParentheses\ValidParentheses.csproj", "{51E80C32-441D-4150-84ED-50622F9C4EE3}"
EndProject
Project("{FAE04EC0-301F-11D3-BF4B-00C04F79EFBC}") = "RemoveElement", "RemoveElement\RemoveElement.csproj", "{59394162-3F3F-491D-89F9-062FDC205F11}"
EndProject
Project("{FAE04EC0-301F-11D3-BF4B-00C04F79EFBC}") = "FirstStringOccurence", "FirstStringOccurence\FirstStringOccurence.csproj", "{66B2FB2F-0C5F-4853-99B9-4DD1681985F2}"
EndProject
Project("{FAE04EC0-301F-11D3-BF4B-00C04F79EFBC}") = "SearchTarget", "SearchTarget\SearchTarget.csproj", "{1BAE2D44-0FF4-45DF-AA81-B0C204E95F69}"
EndProject
Project("{FAE04EC0-301F-11D3-BF4B-00C04F79EFBC}") = "LengthOfLastWord", "LengthOfLastWord\LengthOfLastWord.csproj", "{2B58E5B9-CB89-4E93-BBCC-9689BAC42080}"
EndProject
Project("{FAE04EC0-301F-11D3-BF4B-00C04F79EFBC}") = "PlusOne", "PlusOne\PlusOne.csproj", "{9F85117B-9499-419F-8E4A-24377EB8F39C}"
EndProject
Project("{FAE04EC0-301F-11D3-BF4B-00C04F79EFBC}") = "AddBinary", "AddBinary\AddBinary.csproj", "{9D40ECAC-FFBE-4B14-9578-E0369DF63160}"
EndProject
Project("{FAE04EC0-301F-11D3-BF4B-00C04F79EFBC}") = "FiboClimbsStairs", "FiboClimbsStairs\FiboClimbsStairs.csproj", "{FEE1877F-1F19-4F4A-993B-B3D6E8EFF269}"
EndProject
Project("{FAE04EC0-301F-11D3-BF4B-00C04F79EFBC}") = "DeleteDuplicates", "DeleteDuplicates\DeleteDuplicates.csproj", "{AC75A828-9A1B-4BDA-9F58-54AA42C93BB4}"
EndProject
Project("{FAE04EC0-301F-11D3-BF4B-00C04F79EFBC}") = "MergeSortedArray", "MergeSortedArray\MergeSortedArray.csproj", "{60847F2D-E8F5-4E14-92EA-78FB4D7F4520}"
EndProject
Project("{FAE04EC0-301F-11D3-BF4B-00C04F79EFBC}") = "SearchVowelsRecursively", "SearchVowelsRecursively\SearchVowelsRecursively.csproj", "{E1BBBBB4-B387-45A6-BDDC-F9DAA20E0EB5}"
EndProject
Project("{FAE04EC0-301F-11D3-BF4B-00C04F79EFBC}") = "InorderTraversal", "InorderTraversal\InorderTraversal.csproj", "{EB99C4E6-358E-4A05-8E26-B84DC7D3775D}"
EndProject
Project("{FAE04EC0-301F-11D3-BF4B-00C04F79EFBC}") = "SameTree", "SameTree\SameTree.csproj", "{E7E96178-47B7-4F68-821B-6F127B9EBFCF}"
EndProject
Project("{FAE04EC0-301F-11D3-BF4B-00C04F79EFBC}") = "SymmetricTree", "SymmetricTree\SymmetricTree.csproj", "{9DE36627-6478-497D-856E-466E6FC1F1C3}"
EndProject
Project("{FAE04EC0-301F-11D3-BF4B-00C04F79EFBC}") = "MaximumDepthOfBinaryTree", "MaximumDepthOfBinaryTree\MaximumDepthOfBinaryTree.csproj", "{2700394E-06A0-4591-B419-2C619E981411}"
EndProject
Project("{FAE04EC0-301F-11D3-BF4B-00C04F79EFBC}") = "ConvertSortedArrayIntoBST", "ConvertSortedArrayIntoBST\ConvertSortedArrayIntoBST.csproj", "{146973B2-A4E1-497B-AD8D-07F62D825BF3}"
EndProject
Project("{FAE04EC0-301F-11D3-BF4B-00C04F79EFBC}") = "MinimumDepthOfBinaryTree", "MinimumDepthOfBinaryTree\MinimumDepthOfBinaryTree.csproj", "{1F55F12F-D577-4862-94BB-83A34D4F79B5}"
EndProject
Project("{FAE04EC0-301F-11D3-BF4B-00C04F79EFBC}") = "PathSum", "PathSum\PathSum.csproj", "{6800CB7F-1FEF-4BE5-9B8C-F87A0931CA6F}"
EndProject
Project("{FAE04EC0-301F-11D3-BF4B-00C04F79EFBC}") = "PascalTriangle", "PascalTriangle\PascalTriangle.csproj", "{BFC01B01-8F11-4A73-BD7A-D9A8E58500D3}"
EndProject
Project("{FAE04EC0-301F-11D3-BF4B-00C04F79EFBC}") = "BestTimeToBuyAndSellStock", "BestTimeToBuyAndSellStock\BestTimeToBuyAndSellStock.csproj", "{C358BB31-3D42-48EC-B9E6-409F94E73342}"
EndProject
Project("{FAE04EC0-301F-11D3-BF4B-00C04F79EFBC}") = "ValidPalindrome", "ValidPalindrome\ValidPalindrome.csproj", "{8B20E419-C97C-411C-A043-4E9DD27FBF44}"
EndProject
Project("{FAE04EC0-301F-11D3-BF4B-00C04F79EFBC}") = "SingleNumber", "SingleNumber\SingleNumber.csproj", "{862D458A-8E89-453A-9320-63B9FCE7D907}"
EndProject
Project("{FAE04EC0-301F-11D3-BF4B-00C04F79EFBC}") = "LinkedListCycle", "LinkedListCycle\LinkedListCycle.csproj", "{1144DD42-B5E5-4585-B48C-EF5A1D29CE42}"
EndProject
Project("{FAE04EC0-301F-11D3-BF4B-00C04F79EFBC}") = "PreorderTraversal", "PreorderTraversal\PreorderTraversal.csproj", "{8393D037-B89F-4668-908D-77F41EA778A1}"
EndProject
Project("{FAE04EC0-301F-11D3-BF4B-00C04F79EFBC}") = "PostorderTraversal", "PostorderTraversal\PostorderTraversal.csproj", "{4DD3A508-ED85-4584-B590-ED8D6467F5D2}"
EndProject
Project("{FAE04EC0-301F-11D3-BF4B-00C04F79EFBC}") = "IntersectionOfTwoLinkedLists", "IntersectionOfTwoLinkedLists\IntersectionOfTwoLinkedLists.csproj", "{8E092207-22B9-4748-BECB-8EED1E137DCC}"
EndProject
Project("{FAE04EC0-301F-11D3-BF4B-00C04F79EFBC}") = "ExcelSheetColumnTitle", "ExcelSheetColumnTitle\ExcelSheetColumnTitle.csproj", "{1F222BB8-C7E9-4D9A-8A3E-B24FB2852580}"
EndProject
Project("{FAE04EC0-301F-11D3-BF4B-00C04F79EFBC}") = "MajorityElement", "MajorityElement\MajorityElement.csproj", "{BB42BDEC-BD83-4736-B923-7E45C060F710}"
EndProject
Project("{FAE04EC0-301F-11D3-BF4B-00C04F79EFBC}") = "ExcelSheetColumnNumber", "ExcelSheetColumnNumber\ExcelSheetColumnNumber.csproj", "{510C4F4E-0E05-4D78-8496-899B030C5C02}"
EndProject
Project("{FAE04EC0-301F-11D3-BF4B-00C04F79EFBC}") = "ReverseBits", "ReverseBits\ReverseBits.csproj", "{AC45D49F-C180-4579-96F8-D8767B6414A4}"
EndProject
Project("{FAE04EC0-301F-11D3-BF4B-00C04F79EFBC}") = "NumberOf1Bits", "NumberOf1Bits\NumberOf1Bits.csproj", "{316A1473-9BBE-4D9F-B534-1ADA976620EE}"
EndProject
Project("{FAE04EC0-301F-11D3-BF4B-00C04F79EFBC}") = "HappyNumber", "HappyNumber\HappyNumber.csproj", "{FD2FE069-CB15-4DF7-B5F7-330A527ADE61}"
EndProject
Project("{FAE04EC0-301F-11D3-BF4B-00C04F79EFBC}") = "DataStructures", "DataStructures\DataStructures.csproj", "{ED157CFB-E795-4B48-AD52-DA65F4D15C9D}"
EndProject
Project("{FAE04EC0-301F-11D3-BF4B-00C04F79EFBC}") = "RemoveLinkedListElements", "RemoveLinkedListElements\RemoveLinkedListElements.csproj", "{AA9723B8-63C1-4917-A1B8-A4FCB694AAC3}"
EndProject
Global
	GlobalSection(SolutionConfigurationPlatforms) = preSolution
		Debug|Any CPU = Debug|Any CPU
		Release|Any CPU = Release|Any CPU
	EndGlobalSection
	GlobalSection(ProjectConfigurationPlatforms) = postSolution
		{D618F759-7770-4AA1-A2E9-39EA05B48073}.Debug|Any CPU.ActiveCfg = Debug|Any CPU
		{D618F759-7770-4AA1-A2E9-39EA05B48073}.Debug|Any CPU.Build.0 = Debug|Any CPU
		{D618F759-7770-4AA1-A2E9-39EA05B48073}.Release|Any CPU.ActiveCfg = Release|Any CPU
		{D618F759-7770-4AA1-A2E9-39EA05B48073}.Release|Any CPU.Build.0 = Release|Any CPU
		{A81640A1-6EC3-4AA2-B3B8-EE03EDCE105F}.Debug|Any CPU.ActiveCfg = Debug|Any CPU
		{A81640A1-6EC3-4AA2-B3B8-EE03EDCE105F}.Debug|Any CPU.Build.0 = Debug|Any CPU
		{A81640A1-6EC3-4AA2-B3B8-EE03EDCE105F}.Release|Any CPU.ActiveCfg = Release|Any CPU
		{A81640A1-6EC3-4AA2-B3B8-EE03EDCE105F}.Release|Any CPU.Build.0 = Release|Any CPU
		{093B1465-0C9D-4F6C-833E-158AC76BCDEB}.Debug|Any CPU.ActiveCfg = Debug|Any CPU
		{093B1465-0C9D-4F6C-833E-158AC76BCDEB}.Debug|Any CPU.Build.0 = Debug|Any CPU
		{093B1465-0C9D-4F6C-833E-158AC76BCDEB}.Release|Any CPU.ActiveCfg = Release|Any CPU
		{093B1465-0C9D-4F6C-833E-158AC76BCDEB}.Release|Any CPU.Build.0 = Release|Any CPU
		{65EDF8D9-4912-48F1-AD6E-9CED1D99EB09}.Debug|Any CPU.ActiveCfg = Debug|Any CPU
		{65EDF8D9-4912-48F1-AD6E-9CED1D99EB09}.Debug|Any CPU.Build.0 = Debug|Any CPU
		{65EDF8D9-4912-48F1-AD6E-9CED1D99EB09}.Release|Any CPU.ActiveCfg = Release|Any CPU
		{65EDF8D9-4912-48F1-AD6E-9CED1D99EB09}.Release|Any CPU.Build.0 = Release|Any CPU
		{717D1F51-B4F3-45FD-84CD-B768BABA7273}.Debug|Any CPU.ActiveCfg = Debug|Any CPU
		{717D1F51-B4F3-45FD-84CD-B768BABA7273}.Debug|Any CPU.Build.0 = Debug|Any CPU
		{717D1F51-B4F3-45FD-84CD-B768BABA7273}.Release|Any CPU.ActiveCfg = Release|Any CPU
		{717D1F51-B4F3-45FD-84CD-B768BABA7273}.Release|Any CPU.Build.0 = Release|Any CPU
		{4AA05970-0ABB-4CB3-9234-76132F540A11}.Debug|Any CPU.ActiveCfg = Debug|Any CPU
		{4AA05970-0ABB-4CB3-9234-76132F540A11}.Debug|Any CPU.Build.0 = Debug|Any CPU
		{4AA05970-0ABB-4CB3-9234-76132F540A11}.Release|Any CPU.ActiveCfg = Release|Any CPU
		{4AA05970-0ABB-4CB3-9234-76132F540A11}.Release|Any CPU.Build.0 = Release|Any CPU
		{25D4ED66-496E-4C76-8849-07C53E85F120}.Debug|Any CPU.ActiveCfg = Debug|Any CPU
		{25D4ED66-496E-4C76-8849-07C53E85F120}.Debug|Any CPU.Build.0 = Debug|Any CPU
		{25D4ED66-496E-4C76-8849-07C53E85F120}.Release|Any CPU.ActiveCfg = Release|Any CPU
		{25D4ED66-496E-4C76-8849-07C53E85F120}.Release|Any CPU.Build.0 = Release|Any CPU
		{51E80C32-441D-4150-84ED-50622F9C4EE3}.Debug|Any CPU.ActiveCfg = Debug|Any CPU
		{51E80C32-441D-4150-84ED-50622F9C4EE3}.Debug|Any CPU.Build.0 = Debug|Any CPU
		{51E80C32-441D-4150-84ED-50622F9C4EE3}.Release|Any CPU.ActiveCfg = Release|Any CPU
		{51E80C32-441D-4150-84ED-50622F9C4EE3}.Release|Any CPU.Build.0 = Release|Any CPU
		{59394162-3F3F-491D-89F9-062FDC205F11}.Debug|Any CPU.ActiveCfg = Debug|Any CPU
		{59394162-3F3F-491D-89F9-062FDC205F11}.Debug|Any CPU.Build.0 = Debug|Any CPU
		{59394162-3F3F-491D-89F9-062FDC205F11}.Release|Any CPU.ActiveCfg = Release|Any CPU
		{59394162-3F3F-491D-89F9-062FDC205F11}.Release|Any CPU.Build.0 = Release|Any CPU
		{66B2FB2F-0C5F-4853-99B9-4DD1681985F2}.Debug|Any CPU.ActiveCfg = Debug|Any CPU
		{66B2FB2F-0C5F-4853-99B9-4DD1681985F2}.Debug|Any CPU.Build.0 = Debug|Any CPU
		{66B2FB2F-0C5F-4853-99B9-4DD1681985F2}.Release|Any CPU.ActiveCfg = Release|Any CPU
		{66B2FB2F-0C5F-4853-99B9-4DD1681985F2}.Release|Any CPU.Build.0 = Release|Any CPU
		{1BAE2D44-0FF4-45DF-AA81-B0C204E95F69}.Debug|Any CPU.ActiveCfg = Debug|Any CPU
		{1BAE2D44-0FF4-45DF-AA81-B0C204E95F69}.Debug|Any CPU.Build.0 = Debug|Any CPU
		{1BAE2D44-0FF4-45DF-AA81-B0C204E95F69}.Release|Any CPU.ActiveCfg = Release|Any CPU
		{1BAE2D44-0FF4-45DF-AA81-B0C204E95F69}.Release|Any CPU.Build.0 = Release|Any CPU
		{2B58E5B9-CB89-4E93-BBCC-9689BAC42080}.Debug|Any CPU.ActiveCfg = Debug|Any CPU
		{2B58E5B9-CB89-4E93-BBCC-9689BAC42080}.Debug|Any CPU.Build.0 = Debug|Any CPU
		{2B58E5B9-CB89-4E93-BBCC-9689BAC42080}.Release|Any CPU.ActiveCfg = Release|Any CPU
		{2B58E5B9-CB89-4E93-BBCC-9689BAC42080}.Release|Any CPU.Build.0 = Release|Any CPU
		{9F85117B-9499-419F-8E4A-24377EB8F39C}.Debug|Any CPU.ActiveCfg = Debug|Any CPU
		{9F85117B-9499-419F-8E4A-24377EB8F39C}.Debug|Any CPU.Build.0 = Debug|Any CPU
		{9F85117B-9499-419F-8E4A-24377EB8F39C}.Release|Any CPU.ActiveCfg = Release|Any CPU
		{9F85117B-9499-419F-8E4A-24377EB8F39C}.Release|Any CPU.Build.0 = Release|Any CPU
		{9D40ECAC-FFBE-4B14-9578-E0369DF63160}.Debug|Any CPU.ActiveCfg = Debug|Any CPU
		{9D40ECAC-FFBE-4B14-9578-E0369DF63160}.Debug|Any CPU.Build.0 = Debug|Any CPU
		{9D40ECAC-FFBE-4B14-9578-E0369DF63160}.Release|Any CPU.ActiveCfg = Release|Any CPU
		{9D40ECAC-FFBE-4B14-9578-E0369DF63160}.Release|Any CPU.Build.0 = Release|Any CPU
		{FEE1877F-1F19-4F4A-993B-B3D6E8EFF269}.Debug|Any CPU.ActiveCfg = Debug|Any CPU
		{FEE1877F-1F19-4F4A-993B-B3D6E8EFF269}.Debug|Any CPU.Build.0 = Debug|Any CPU
		{FEE1877F-1F19-4F4A-993B-B3D6E8EFF269}.Release|Any CPU.ActiveCfg = Release|Any CPU
		{FEE1877F-1F19-4F4A-993B-B3D6E8EFF269}.Release|Any CPU.Build.0 = Release|Any CPU
		{AC75A828-9A1B-4BDA-9F58-54AA42C93BB4}.Debug|Any CPU.ActiveCfg = Debug|Any CPU
		{AC75A828-9A1B-4BDA-9F58-54AA42C93BB4}.Debug|Any CPU.Build.0 = Debug|Any CPU
		{AC75A828-9A1B-4BDA-9F58-54AA42C93BB4}.Release|Any CPU.ActiveCfg = Release|Any CPU
		{AC75A828-9A1B-4BDA-9F58-54AA42C93BB4}.Release|Any CPU.Build.0 = Release|Any CPU
		{60847F2D-E8F5-4E14-92EA-78FB4D7F4520}.Debug|Any CPU.ActiveCfg = Debug|Any CPU
		{60847F2D-E8F5-4E14-92EA-78FB4D7F4520}.Debug|Any CPU.Build.0 = Debug|Any CPU
		{60847F2D-E8F5-4E14-92EA-78FB4D7F4520}.Release|Any CPU.ActiveCfg = Release|Any CPU
		{60847F2D-E8F5-4E14-92EA-78FB4D7F4520}.Release|Any CPU.Build.0 = Release|Any CPU
		{E1BBBBB4-B387-45A6-BDDC-F9DAA20E0EB5}.Debug|Any CPU.ActiveCfg = Debug|Any CPU
		{E1BBBBB4-B387-45A6-BDDC-F9DAA20E0EB5}.Debug|Any CPU.Build.0 = Debug|Any CPU
		{E1BBBBB4-B387-45A6-BDDC-F9DAA20E0EB5}.Release|Any CPU.ActiveCfg = Release|Any CPU
		{E1BBBBB4-B387-45A6-BDDC-F9DAA20E0EB5}.Release|Any CPU.Build.0 = Release|Any CPU
		{EB99C4E6-358E-4A05-8E26-B84DC7D3775D}.Debug|Any CPU.ActiveCfg = Debug|Any CPU
		{EB99C4E6-358E-4A05-8E26-B84DC7D3775D}.Debug|Any CPU.Build.0 = Debug|Any CPU
		{EB99C4E6-358E-4A05-8E26-B84DC7D3775D}.Release|Any CPU.ActiveCfg = Release|Any CPU
		{EB99C4E6-358E-4A05-8E26-B84DC7D3775D}.Release|Any CPU.Build.0 = Release|Any CPU
		{E7E96178-47B7-4F68-821B-6F127B9EBFCF}.Debug|Any CPU.ActiveCfg = Debug|Any CPU
		{E7E96178-47B7-4F68-821B-6F127B9EBFCF}.Debug|Any CPU.Build.0 = Debug|Any CPU
		{E7E96178-47B7-4F68-821B-6F127B9EBFCF}.Release|Any CPU.ActiveCfg = Release|Any CPU
		{E7E96178-47B7-4F68-821B-6F127B9EBFCF}.Release|Any CPU.Build.0 = Release|Any CPU
		{9DE36627-6478-497D-856E-466E6FC1F1C3}.Debug|Any CPU.ActiveCfg = Debug|Any CPU
		{9DE36627-6478-497D-856E-466E6FC1F1C3}.Debug|Any CPU.Build.0 = Debug|Any CPU
		{9DE36627-6478-497D-856E-466E6FC1F1C3}.Release|Any CPU.ActiveCfg = Release|Any CPU
		{9DE36627-6478-497D-856E-466E6FC1F1C3}.Release|Any CPU.Build.0 = Release|Any CPU
		{2700394E-06A0-4591-B419-2C619E981411}.Debug|Any CPU.ActiveCfg = Debug|Any CPU
		{2700394E-06A0-4591-B419-2C619E981411}.Debug|Any CPU.Build.0 = Debug|Any CPU
		{2700394E-06A0-4591-B419-2C619E981411}.Release|Any CPU.ActiveCfg = Release|Any CPU
		{2700394E-06A0-4591-B419-2C619E981411}.Release|Any CPU.Build.0 = Release|Any CPU
		{146973B2-A4E1-497B-AD8D-07F62D825BF3}.Debug|Any CPU.ActiveCfg = Debug|Any CPU
		{146973B2-A4E1-497B-AD8D-07F62D825BF3}.Debug|Any CPU.Build.0 = Debug|Any CPU
		{146973B2-A4E1-497B-AD8D-07F62D825BF3}.Release|Any CPU.ActiveCfg = Release|Any CPU
		{146973B2-A4E1-497B-AD8D-07F62D825BF3}.Release|Any CPU.Build.0 = Release|Any CPU
		{1F55F12F-D577-4862-94BB-83A34D4F79B5}.Debug|Any CPU.ActiveCfg = Debug|Any CPU
		{1F55F12F-D577-4862-94BB-83A34D4F79B5}.Debug|Any CPU.Build.0 = Debug|Any CPU
		{1F55F12F-D577-4862-94BB-83A34D4F79B5}.Release|Any CPU.ActiveCfg = Release|Any CPU
		{1F55F12F-D577-4862-94BB-83A34D4F79B5}.Release|Any CPU.Build.0 = Release|Any CPU
		{6800CB7F-1FEF-4BE5-9B8C-F87A0931CA6F}.Debug|Any CPU.ActiveCfg = Debug|Any CPU
		{6800CB7F-1FEF-4BE5-9B8C-F87A0931CA6F}.Debug|Any CPU.Build.0 = Debug|Any CPU
		{6800CB7F-1FEF-4BE5-9B8C-F87A0931CA6F}.Release|Any CPU.ActiveCfg = Release|Any CPU
		{6800CB7F-1FEF-4BE5-9B8C-F87A0931CA6F}.Release|Any CPU.Build.0 = Release|Any CPU
		{BFC01B01-8F11-4A73-BD7A-D9A8E58500D3}.Debug|Any CPU.ActiveCfg = Debug|Any CPU
		{BFC01B01-8F11-4A73-BD7A-D9A8E58500D3}.Debug|Any CPU.Build.0 = Debug|Any CPU
		{BFC01B01-8F11-4A73-BD7A-D9A8E58500D3}.Release|Any CPU.ActiveCfg = Release|Any CPU
		{BFC01B01-8F11-4A73-BD7A-D9A8E58500D3}.Release|Any CPU.Build.0 = Release|Any CPU
		{C358BB31-3D42-48EC-B9E6-409F94E73342}.Debug|Any CPU.ActiveCfg = Debug|Any CPU
		{C358BB31-3D42-48EC-B9E6-409F94E73342}.Debug|Any CPU.Build.0 = Debug|Any CPU
		{C358BB31-3D42-48EC-B9E6-409F94E73342}.Release|Any CPU.ActiveCfg = Release|Any CPU
		{C358BB31-3D42-48EC-B9E6-409F94E73342}.Release|Any CPU.Build.0 = Release|Any CPU
		{8B20E419-C97C-411C-A043-4E9DD27FBF44}.Debug|Any CPU.ActiveCfg = Debug|Any CPU
		{8B20E419-C97C-411C-A043-4E9DD27FBF44}.Debug|Any CPU.Build.0 = Debug|Any CPU
		{8B20E419-C97C-411C-A043-4E9DD27FBF44}.Release|Any CPU.ActiveCfg = Release|Any CPU
		{8B20E419-C97C-411C-A043-4E9DD27FBF44}.Release|Any CPU.Build.0 = Release|Any CPU
		{862D458A-8E89-453A-9320-63B9FCE7D907}.Debug|Any CPU.ActiveCfg = Debug|Any CPU
		{862D458A-8E89-453A-9320-63B9FCE7D907}.Debug|Any CPU.Build.0 = Debug|Any CPU
		{862D458A-8E89-453A-9320-63B9FCE7D907}.Release|Any CPU.ActiveCfg = Release|Any CPU
		{862D458A-8E89-453A-9320-63B9FCE7D907}.Release|Any CPU.Build.0 = Release|Any CPU
		{1144DD42-B5E5-4585-B48C-EF5A1D29CE42}.Debug|Any CPU.ActiveCfg = Debug|Any CPU
		{1144DD42-B5E5-4585-B48C-EF5A1D29CE42}.Debug|Any CPU.Build.0 = Debug|Any CPU
		{1144DD42-B5E5-4585-B48C-EF5A1D29CE42}.Release|Any CPU.ActiveCfg = Release|Any CPU
		{1144DD42-B5E5-4585-B48C-EF5A1D29CE42}.Release|Any CPU.Build.0 = Release|Any CPU
		{8393D037-B89F-4668-908D-77F41EA778A1}.Debug|Any CPU.ActiveCfg = Debug|Any CPU
		{8393D037-B89F-4668-908D-77F41EA778A1}.Debug|Any CPU.Build.0 = Debug|Any CPU
		{8393D037-B89F-4668-908D-77F41EA778A1}.Release|Any CPU.ActiveCfg = Release|Any CPU
		{8393D037-B89F-4668-908D-77F41EA778A1}.Release|Any CPU.Build.0 = Release|Any CPU
		{4DD3A508-ED85-4584-B590-ED8D6467F5D2}.Debug|Any CPU.ActiveCfg = Debug|Any CPU
		{4DD3A508-ED85-4584-B590-ED8D6467F5D2}.Debug|Any CPU.Build.0 = Debug|Any CPU
		{4DD3A508-ED85-4584-B590-ED8D6467F5D2}.Release|Any CPU.ActiveCfg = Release|Any CPU
		{4DD3A508-ED85-4584-B590-ED8D6467F5D2}.Release|Any CPU.Build.0 = Release|Any CPU
		{8E092207-22B9-4748-BECB-8EED1E137DCC}.Debug|Any CPU.ActiveCfg = Debug|Any CPU
		{8E092207-22B9-4748-BECB-8EED1E137DCC}.Debug|Any CPU.Build.0 = Debug|Any CPU
		{8E092207-22B9-4748-BECB-8EED1E137DCC}.Release|Any CPU.ActiveCfg = Release|Any CPU
		{8E092207-22B9-4748-BECB-8EED1E137DCC}.Release|Any CPU.Build.0 = Release|Any CPU
		{1F222BB8-C7E9-4D9A-8A3E-B24FB2852580}.Debug|Any CPU.ActiveCfg = Debug|Any CPU
		{1F222BB8-C7E9-4D9A-8A3E-B24FB2852580}.Debug|Any CPU.Build.0 = Debug|Any CPU
		{1F222BB8-C7E9-4D9A-8A3E-B24FB2852580}.Release|Any CPU.ActiveCfg = Release|Any CPU
		{1F222BB8-C7E9-4D9A-8A3E-B24FB2852580}.Release|Any CPU.Build.0 = Release|Any CPU
		{BB42BDEC-BD83-4736-B923-7E45C060F710}.Debug|Any CPU.ActiveCfg = Debug|Any CPU
		{BB42BDEC-BD83-4736-B923-7E45C060F710}.Debug|Any CPU.Build.0 = Debug|Any CPU
		{BB42BDEC-BD83-4736-B923-7E45C060F710}.Release|Any CPU.ActiveCfg = Release|Any CPU
		{BB42BDEC-BD83-4736-B923-7E45C060F710}.Release|Any CPU.Build.0 = Release|Any CPU
		{510C4F4E-0E05-4D78-8496-899B030C5C02}.Debug|Any CPU.ActiveCfg = Debug|Any CPU
		{510C4F4E-0E05-4D78-8496-899B030C5C02}.Debug|Any CPU.Build.0 = Debug|Any CPU
		{510C4F4E-0E05-4D78-8496-899B030C5C02}.Release|Any CPU.ActiveCfg = Release|Any CPU
		{510C4F4E-0E05-4D78-8496-899B030C5C02}.Release|Any CPU.Build.0 = Release|Any CPU
		{AC45D49F-C180-4579-96F8-D8767B6414A4}.Debug|Any CPU.ActiveCfg = Debug|Any CPU
		{AC45D49F-C180-4579-96F8-D8767B6414A4}.Debug|Any CPU.Build.0 = Debug|Any CPU
		{AC45D49F-C180-4579-96F8-D8767B6414A4}.Release|Any CPU.ActiveCfg = Release|Any CPU
		{AC45D49F-C180-4579-96F8-D8767B6414A4}.Release|Any CPU.Build.0 = Release|Any CPU
		{316A1473-9BBE-4D9F-B534-1ADA976620EE}.Debug|Any CPU.ActiveCfg = Debug|Any CPU
		{316A1473-9BBE-4D9F-B534-1ADA976620EE}.Debug|Any CPU.Build.0 = Debug|Any CPU
		{316A1473-9BBE-4D9F-B534-1ADA976620EE}.Release|Any CPU.ActiveCfg = Release|Any CPU
		{316A1473-9BBE-4D9F-B534-1ADA976620EE}.Release|Any CPU.Build.0 = Release|Any CPU
		{FD2FE069-CB15-4DF7-B5F7-330A527ADE61}.Debug|Any CPU.ActiveCfg = Debug|Any CPU
		{FD2FE069-CB15-4DF7-B5F7-330A527ADE61}.Debug|Any CPU.Build.0 = Debug|Any CPU
		{FD2FE069-CB15-4DF7-B5F7-330A527ADE61}.Release|Any CPU.ActiveCfg = Release|Any CPU
		{FD2FE069-CB15-4DF7-B5F7-330A527ADE61}.Release|Any CPU.Build.0 = Release|Any CPU
		{ED157CFB-E795-4B48-AD52-DA65F4D15C9D}.Debug|Any CPU.ActiveCfg = Debug|Any CPU
		{ED157CFB-E795-4B48-AD52-DA65F4D15C9D}.Debug|Any CPU.Build.0 = Debug|Any CPU
		{ED157CFB-E795-4B48-AD52-DA65F4D15C9D}.Release|Any CPU.ActiveCfg = Release|Any CPU
		{ED157CFB-E795-4B48-AD52-DA65F4D15C9D}.Release|Any CPU.Build.0 = Release|Any CPU
		{AA9723B8-63C1-4917-A1B8-A4FCB694AAC3}.Debug|Any CPU.ActiveCfg = Debug|Any CPU
		{AA9723B8-63C1-4917-A1B8-A4FCB694AAC3}.Debug|Any CPU.Build.0 = Debug|Any CPU
		{AA9723B8-63C1-4917-A1B8-A4FCB694AAC3}.Release|Any CPU.ActiveCfg = Release|Any CPU
		{AA9723B8-63C1-4917-A1B8-A4FCB694AAC3}.Release|Any CPU.Build.0 = Release|Any CPU
	EndGlobalSection
	GlobalSection(SolutionProperties) = preSolution
		HideSolutionNode = FALSE
	EndGlobalSection
	GlobalSection(ExtensibilityGlobals) = postSolution
		SolutionGuid = {370B6E9D-0A8C-4C0C-BF69-8A834454E048}
	EndGlobalSection
EndGlobal
